
Microsoft Visual Studio Solution File, Format Version 11.00
# Visual Studio 2010
Project("{8BC9CEB8-8B4A-11D0-8D11-00A0C91BC942}") = "tier0", "..\tier0\tier0.vcxproj", "{F1134BB3-A921-6DA4-A222-BCFD828DED37}"
EndProject
Project("{8BC9CEB8-8B4A-11D0-8D11-00A0C91BC942}") = "vstdlib", "..\vstdlib\vstdlib.vcxproj", "{E111A095-261F-5674-6F8C-22A4E6A64595}"
	ProjectSection(ProjectDependencies) = postProject
		{F1134BB3-A921-6DA4-A222-BCFD828DED37} = {F1134BB3-A921-6DA4-A222-BCFD828DED37}
	EndProjectSection
EndProject
Project("{8BC9CEB8-8B4A-11D0-8D11-00A0C91BC942}") = "unitlib", "..\unitlib\unitlib.vcxproj", "{4DF3D1FC-39EB-1C0C-B6F8-0ED93E2FD3E2}"
	ProjectSection(ProjectDependencies) = postProject
		{E111A095-261F-5674-6F8C-22A4E6A64595} = {E111A095-261F-5674-6F8C-22A4E6A64595}
	EndProjectSection
EndProject
Project("{8BC9CEB8-8B4A-11D0-8D11-00A0C91BC942}") = "mxtoolkitwin32", "..\utils\mxtk\msvc\mxtoolkitwin32.vcxproj", "{36B54392-1B80-3459-9F95-6F23FEEBB415}"
EndProject
Project("{8BC9CEB8-8B4A-11D0-8D11-00A0C91BC942}") = "vgui_surfacelib", "..\vgui2\vgui_surfacelib\vgui_surfacelib.vcxproj", "{396E3024-7579-85FA-191A-6E6EEA97556C}"
	ProjectSection(ProjectDependencies) = postProject
		{36B54392-1B80-3459-9F95-6F23FEEBB415} = {36B54392-1B80-3459-9F95-6F23FEEBB415}
	EndProjectSection
EndProject
Project("{8BC9CEB8-8B4A-11D0-8D11-00A0C91BC942}") = "vgui_dll", "..\vgui2\src\vgui_dll.vcxproj", "{435397A9-2B48-3F33-296F-A1AB64D39A20}"
	ProjectSection(ProjectDependencies) = postProject
		{396E3024-7579-85FA-191A-6E6EEA97556C} = {396E3024-7579-85FA-191A-6E6EEA97556C}
	EndProjectSection
EndProject
Project("{8BC9CEB8-8B4A-11D0-8D11-00A0C91BC942}") = "vgui_controls", "..\vgui2\controls\vgui_controls.vcxproj", "{594EF03D-BBB4-686D-146A-FC2D90BB547B}"
	ProjectSection(ProjectDependencies) = postProject
		{435397A9-2B48-3F33-296F-A1AB64D39A20} = {435397A9-2B48-3F33-296F-A1AB64D39A20}
	EndProjectSection
EndProject
Project("{8BC9CEB8-8B4A-11D0-8D11-00A0C91BC942}") = "vphysics", "..\vphysics\vphysics.vcxproj", "{71670153-D321-14AF-7021-6108BE646F24}"
	ProjectSection(ProjectDependencies) = postProject
		{594EF03D-BBB4-686D-146A-FC2D90BB547B} = {594EF03D-BBB4-686D-146A-FC2D90BB547B}
	EndProjectSection
EndProject
Project("{8BC9CEB8-8B4A-11D0-8D11-00A0C91BC942}") = "studiorender", "..\studiorender\studiorender.vcxproj", "{86ED28C4-55E3-77CE-FF40-EA468302878C}"
	ProjectSection(ProjectDependencies) = postProject
		{71670153-D321-14AF-7021-6108BE646F24} = {71670153-D321-14AF-7021-6108BE646F24}
	EndProjectSection
EndProject
Project("{8BC9CEB8-8B4A-11D0-8D11-00A0C91BC942}") = "filesystem_stdio", "..\filesystem\filesystem_stdio\filesystem_stdio.vcxproj", "{8E1CB521-9F4C-9DDE-F3DE-09896A7BE264}"
	ProjectSection(ProjectDependencies) = postProject
		{86ED28C4-55E3-77CE-FF40-EA468302878C} = {86ED28C4-55E3-77CE-FF40-EA468302878C}
	EndProjectSection
EndProject
Project("{8BC9CEB8-8B4A-11D0-8D11-00A0C91BC942}") = "appframework", "..\appframework\appframework.vcxproj", "{E9F10EE9-4C48-1318-9805-8611EAB993E1}"
	ProjectSection(ProjectDependencies) = postProject
		{8E1CB521-9F4C-9DDE-F3DE-09896A7BE264} = {8E1CB521-9F4C-9DDE-F3DE-09896A7BE264}
	EndProjectSection
EndProject
Project("{8BC9CEB8-8B4A-11D0-8D11-00A0C91BC942}") = "vguimatsurface", "..\vguimatsurface\vguimatsurface.vcxproj", "{02015535-A161-70C0-2A13-18ED4BE654CE}"
	ProjectSection(ProjectDependencies) = postProject
		{E9F10EE9-4C48-1318-9805-8611EAB993E1} = {E9F10EE9-4C48-1318-9805-8611EAB993E1}
	EndProjectSection
EndProject
Project("{8BC9CEB8-8B4A-11D0-8D11-00A0C91BC942}") = "GameUI", "..\gameui\GameUI.vcxproj", "{D031EF9D-54FF-86B7-62AE-94D71C225A90}"
	ProjectSection(ProjectDependencies) = postProject
		{02015535-A161-70C0-2A13-18ED4BE654CE} = {02015535-A161-70C0-2A13-18ED4BE654CE}
	EndProjectSection
EndProject
Project("{8BC9CEB8-8B4A-11D0-8D11-00A0C91BC942}") = "miles", "..\engine\voice_codecs\miles\miles.vcxproj", "{21BB346F-B209-7E9A-E9B1-9503124CB7FA}"
	ProjectSection(ProjectDependencies) = postProject
		{D031EF9D-54FF-86B7-62AE-94D71C225A90} = {D031EF9D-54FF-86B7-62AE-94D71C225A90}
	EndProjectSection
EndProject
Project("{8BC9CEB8-8B4A-11D0-8D11-00A0C91BC942}") = "ServerBrowser", "..\Tracker\ServerBrowser\ServerBrowser.vcxproj", "{723914EE-4C2B-929A-95BC-77A90EC584A6}"
	ProjectSection(ProjectDependencies) = postProject
		{21BB346F-B209-7E9A-E9B1-9503124CB7FA} = {21BB346F-B209-7E9A-E9B1-9503124CB7FA}
	EndProjectSection
EndProject
Global
	GlobalSection(SolutionConfigurationPlatforms) = preSolution
		Debug DX9|Win32 = Debug DX9|Win32
		Debug ps20|Win32 = Debug ps20|Win32
		Debug STEAM|Win32 = Debug STEAM|Win32
		Debug|Win32 = Debug|Win32
		Release DX9|Win32 = Release DX9|Win32
		Release ps20|Win32 = Release ps20|Win32
		Release STEAM|Win32 = Release STEAM|Win32
		Release|Win32 = Release|Win32
		Template|Win32 = Template|Win32
	EndGlobalSection
	GlobalSection(ProjectConfigurationPlatforms) = postSolution
		{F1134BB3-A921-6DA4-A222-BCFD828DED37}.Debug DX9|Win32.ActiveCfg = Debug|Win32
		{F1134BB3-A921-6DA4-A222-BCFD828DED37}.Debug DX9|Win32.Build.0 = Debug|Win32
		{F1134BB3-A921-6DA4-A222-BCFD828DED37}.Debug ps20|Win32.ActiveCfg = Debug|Win32
		{F1134BB3-A921-6DA4-A222-BCFD828DED37}.Debug STEAM|Win32.ActiveCfg = Debug|Win32
		{F1134BB3-A921-6DA4-A222-BCFD828DED37}.Debug|Win32.ActiveCfg = Debug|Win32
		{F1134BB3-A921-6DA4-A222-BCFD828DED37}.Debug|Win32.Build.0 = Debug|Win32
		{F1134BB3-A921-6DA4-A222-BCFD828DED37}.Release DX9|Win32.ActiveCfg = Release|Win32
		{F1134BB3-A921-6DA4-A222-BCFD828DED37}.Release DX9|Win32.Build.0 = Release|Win32
		{F1134BB3-A921-6DA4-A222-BCFD828DED37}.Release ps20|Win32.ActiveCfg = Release|Win32
		{F1134BB3-A921-6DA4-A222-BCFD828DED37}.Release STEAM|Win32.ActiveCfg = Release|Win32
		{F1134BB3-A921-6DA4-A222-BCFD828DED37}.Release|Win32.ActiveCfg = Release|Win32
		{F1134BB3-A921-6DA4-A222-BCFD828DED37}.Release|Win32.Build.0 = Release|Win32
		{F1134BB3-A921-6DA4-A222-BCFD828DED37}.Template|Win32.ActiveCfg = Release|Win32
		{F1134BB3-A921-6DA4-A222-BCFD828DED37}.Template|Win32.Build.0 = Release|Win32
		{E111A095-261F-5674-6F8C-22A4E6A64595}.Debug DX9|Win32.ActiveCfg = Debug|Win32
		{E111A095-261F-5674-6F8C-22A4E6A64595}.Debug DX9|Win32.Build.0 = Debug|Win32
		{E111A095-261F-5674-6F8C-22A4E6A64595}.Debug ps20|Win32.ActiveCfg = Debug|Win32
		{E111A095-261F-5674-6F8C-22A4E6A64595}.Debug STEAM|Win32.ActiveCfg = Debug|Win32
		{E111A095-261F-5674-6F8C-22A4E6A64595}.Debug|Win32.ActiveCfg = Debug|Win32
		{E111A095-261F-5674-6F8C-22A4E6A64595}.Debug|Win32.Build.0 = Debug|Win32
		{E111A095-261F-5674-6F8C-22A4E6A64595}.Release DX9|Win32.ActiveCfg = Release|Win32
		{E111A095-261F-5674-6F8C-22A4E6A64595}.Release DX9|Win32.Build.0 = Release|Win32
		{E111A095-261F-5674-6F8C-22A4E6A64595}.Release ps20|Win32.ActiveCfg = Release|Win32
		{E111A095-261F-5674-6F8C-22A4E6A64595}.Release STEAM|Win32.ActiveCfg = Release|Win32
		{E111A095-261F-5674-6F8C-22A4E6A64595}.Release|Win32.ActiveCfg = Release|Win32
		{E111A095-261F-5674-6F8C-22A4E6A64595}.Release|Win32.Build.0 = Release|Win32
		{E111A095-261F-5674-6F8C-22A4E6A64595}.Template|Win32.ActiveCfg = Template|Win32
		{E111A095-261F-5674-6F8C-22A4E6A64595}.Template|Win32.Build.0 = Template|Win32
		{4DF3D1FC-39EB-1C0C-B6F8-0ED93E2FD3E2}.Debug DX9|Win32.ActiveCfg = Debug|Win32
		{4DF3D1FC-39EB-1C0C-B6F8-0ED93E2FD3E2}.Debug DX9|Win32.Build.0 = Debug|Win32
		{4DF3D1FC-39EB-1C0C-B6F8-0ED93E2FD3E2}.Debug ps20|Win32.ActiveCfg = Debug|Win32
		{4DF3D1FC-39EB-1C0C-B6F8-0ED93E2FD3E2}.Debug STEAM|Win32.ActiveCfg = Debug|Win32
		{4DF3D1FC-39EB-1C0C-B6F8-0ED93E2FD3E2}.Debug|Win32.ActiveCfg = Debug|Win32
		{4DF3D1FC-39EB-1C0C-B6F8-0ED93E2FD3E2}.Debug|Win32.Build.0 = Debug|Win32
		{4DF3D1FC-39EB-1C0C-B6F8-0ED93E2FD3E2}.Release DX9|Win32.ActiveCfg = Release|Win32
		{4DF3D1FC-39EB-1C0C-B6F8-0ED93E2FD3E2}.Release DX9|Win32.Build.0 = Release|Win32
		{4DF3D1FC-39EB-1C0C-B6F8-0ED93E2FD3E2}.Release ps20|Win32.ActiveCfg = Release|Win32
		{4DF3D1FC-39EB-1C0C-B6F8-0ED93E2FD3E2}.Release STEAM|Win32.ActiveCfg = Release|Win32
		{4DF3D1FC-39EB-1C0C-B6F8-0ED93E2FD3E2}.Release|Win32.ActiveCfg = Release|Win32
		{4DF3D1FC-39EB-1C0C-B6F8-0ED93E2FD3E2}.Release|Win32.Build.0 = Release|Win32
		{4DF3D1FC-39EB-1C0C-B6F8-0ED93E2FD3E2}.Template|Win32.ActiveCfg = Template|Win32
		{4DF3D1FC-39EB-1C0C-B6F8-0ED93E2FD3E2}.Template|Win32.Build.0 = Template|Win32
		{36B54392-1B80-3459-9F95-6F23FEEBB415}.Debug DX9|Win32.ActiveCfg = Debug|Win32
		{36B54392-1B80-3459-9F95-6F23FEEBB415}.Debug DX9|Win32.Build.0 = Debug|Win32
		{36B54392-1B80-3459-9F95-6F23FEEBB415}.Debug ps20|Win32.ActiveCfg = Debug|Win32
		{36B54392-1B80-3459-9F95-6F23FEEBB415}.Debug STEAM|Win32.ActiveCfg = Debug|Win32
		{36B54392-1B80-3459-9F95-6F23FEEBB415}.Debug|Win32.ActiveCfg = Debug|Win32
		{36B54392-1B80-3459-9F95-6F23FEEBB415}.Debug|Win32.Build.0 = Debug|Win32
		{36B54392-1B80-3459-9F95-6F23FEEBB415}.Release DX9|Win32.ActiveCfg = Release|Win32
		{36B54392-1B80-3459-9F95-6F23FEEBB415}.Release DX9|Win32.Build.0 = Release|Win32
		{36B54392-1B80-3459-9F95-6F23FEEBB415}.Release ps20|Win32.ActiveCfg = Release|Win32
		{36B54392-1B80-3459-9F95-6F23FEEBB415}.Release STEAM|Win32.ActiveCfg = Release|Win32
		{36B54392-1B80-3459-9F95-6F23FEEBB415}.Release|Win32.ActiveCfg = Release|Win32
		{36B54392-1B80-3459-9F95-6F23FEEBB415}.Release|Win32.Build.0 = Release|Win32
		{36B54392-1B80-3459-9F95-6F23FEEBB415}.Template|Win32.ActiveCfg = Template|Win32
		{36B54392-1B80-3459-9F95-6F23FEEBB415}.Template|Win32.Build.0 = Template|Win32
		{396E3024-7579-85FA-191A-6E6EEA97556C}.Debug DX9|Win32.ActiveCfg = Debug|Win32
		{396E3024-7579-85FA-191A-6E6EEA97556C}.Debug DX9|Win32.Build.0 = Debug|Win32
		{396E3024-7579-85FA-191A-6E6EEA97556C}.Debug ps20|Win32.ActiveCfg = Debug|Win32
		{396E3024-7579-85FA-191A-6E6EEA97556C}.Debug STEAM|Win32.ActiveCfg = Debug|Win32
		{396E3024-7579-85FA-191A-6E6EEA97556C}.Debug|Win32.ActiveCfg = Debug|Win32
		{396E3024-7579-85FA-191A-6E6EEA97556C}.Debug|Win32.Build.0 = Debug|Win32
		{396E3024-7579-85FA-191A-6E6EEA97556C}.Release DX9|Win32.ActiveCfg = Release|Win32
		{396E3024-7579-85FA-191A-6E6EEA97556C}.Release DX9|Win32.Build.0 = Release|Win32
		{396E3024-7579-85FA-191A-6E6EEA97556C}.Release ps20|Win32.ActiveCfg = Release|Win32
		{396E3024-7579-85FA-191A-6E6EEA97556C}.Release STEAM|Win32.ActiveCfg = Release|Win32
		{396E3024-7579-85FA-191A-6E6EEA97556C}.Release|Win32.ActiveCfg = Release|Win32
		{396E3024-7579-85FA-191A-6E6EEA97556C}.Release|Win32.Build.0 = Release|Win32
		{396E3024-7579-85FA-191A-6E6EEA97556C}.Template|Win32.ActiveCfg = Template|Win32
		{396E3024-7579-85FA-191A-6E6EEA97556C}.Template|Win32.Build.0 = Template|Win32
		{435397A9-2B48-3F33-296F-A1AB64D39A20}.Debug DX9|Win32.ActiveCfg = Debug|Win32
		{435397A9-2B48-3F33-296F-A1AB64D39A20}.Debug DX9|Win32.Build.0 = Debug|Win32
		{435397A9-2B48-3F33-296F-A1AB64D39A20}.Debug ps20|Win32.ActiveCfg = Debug|Win32
		{435397A9-2B48-3F33-296F-A1AB64D39A20}.Debug STEAM|Win32.ActiveCfg = Debug|Win32
		{435397A9-2B48-3F33-296F-A1AB64D39A20}.Debug|Win32.ActiveCfg = Debug|Win32
		{435397A9-2B48-3F33-296F-A1AB64D39A20}.Debug|Win32.Build.0 = Debug|Win32
		{435397A9-2B48-3F33-296F-A1AB64D39A20}.Release DX9|Win32.ActiveCfg = Release|Win32
		{435397A9-2B48-3F33-296F-A1AB64D39A20}.Release DX9|Win32.Build.0 = Release|Win32
		{435397A9-2B48-3F33-296F-A1AB64D39A20}.Release ps20|Win32.ActiveCfg = Release|Win32
		{435397A9-2B48-3F33-296F-A1AB64D39A20}.Release STEAM|Win32.ActiveCfg = Release|Win32
		{435397A9-2B48-3F33-296F-A1AB64D39A20}.Release|Win32.ActiveCfg = Release|Win32
		{435397A9-2B48-3F33-296F-A1AB64D39A20}.Release|Win32.Build.0 = Release|Win32
		{435397A9-2B48-3F33-296F-A1AB64D39A20}.Template|Win32.ActiveCfg = Template|Win32
		{435397A9-2B48-3F33-296F-A1AB64D39A20}.Template|Win32.Build.0 = Template|Win32
		{594EF03D-BBB4-686D-146A-FC2D90BB547B}.Debug DX9|Win32.ActiveCfg = Debug|Win32
		{594EF03D-BBB4-686D-146A-FC2D90BB547B}.Debug DX9|Win32.Build.0 = Debug|Win32
		{594EF03D-BBB4-686D-146A-FC2D90BB547B}.Debug ps20|Win32.ActiveCfg = Debug|Win32
		{594EF03D-BBB4-686D-146A-FC2D90BB547B}.Debug STEAM|Win32.ActiveCfg = Debug|Win32
		{594EF03D-BBB4-686D-146A-FC2D90BB547B}.Debug|Win32.ActiveCfg = Debug|Win32
		{594EF03D-BBB4-686D-146A-FC2D90BB547B}.Debug|Win32.Build.0 = Debug|Win32
		{594EF03D-BBB4-686D-146A-FC2D90BB547B}.Release DX9|Win32.ActiveCfg = Release|Win32
		{594EF03D-BBB4-686D-146A-FC2D90BB547B}.Release DX9|Win32.Build.0 = Release|Win32
		{594EF03D-BBB4-686D-146A-FC2D90BB547B}.Release ps20|Win32.ActiveCfg = Release|Win32
		{594EF03D-BBB4-686D-146A-FC2D90BB547B}.Release STEAM|Win32.ActiveCfg = Release|Win32
		{594EF03D-BBB4-686D-146A-FC2D90BB547B}.Release|Win32.ActiveCfg = Release|Win32
		{594EF03D-BBB4-686D-146A-FC2D90BB547B}.Release|Win32.Build.0 = Release|Win32
		{594EF03D-BBB4-686D-146A-FC2D90BB547B}.Template|Win32.ActiveCfg = Template|Win32
		{594EF03D-BBB4-686D-146A-FC2D90BB547B}.Template|Win32.Build.0 = Template|Win32
		{71670153-D321-14AF-7021-6108BE646F24}.Debug DX9|Win32.ActiveCfg = Debug|Win32
		{71670153-D321-14AF-7021-6108BE646F24}.Debug DX9|Win32.Build.0 = Debug|Win32
		{71670153-D321-14AF-7021-6108BE646F24}.Debug ps20|Win32.ActiveCfg = Debug|Win32
		{71670153-D321-14AF-7021-6108BE646F24}.Debug STEAM|Win32.ActiveCfg = Debug|Win32
		{71670153-D321-14AF-7021-6108BE646F24}.Debug|Win32.ActiveCfg = Debug|Win32
		{71670153-D321-14AF-7021-6108BE646F24}.Debug|Win32.Build.0 = Debug|Win32
		{71670153-D321-14AF-7021-6108BE646F24}.Release DX9|Win32.ActiveCfg = Release|Win32
		{71670153-D321-14AF-7021-6108BE646F24}.Release DX9|Win32.Build.0 = Release|Win32
		{71670153-D321-14AF-7021-6108BE646F24}.Release ps20|Win32.ActiveCfg = Release|Win32
		{71670153-D321-14AF-7021-6108BE646F24}.Release STEAM|Win32.ActiveCfg = Release|Win32
		{71670153-D321-14AF-7021-6108BE646F24}.Release|Win32.ActiveCfg = Release|Win32
		{71670153-D321-14AF-7021-6108BE646F24}.Release|Win32.Build.0 = Release|Win32
		{71670153-D321-14AF-7021-6108BE646F24}.Template|Win32.ActiveCfg = Template|Win32
		{71670153-D321-14AF-7021-6108BE646F24}.Template|Win32.Build.0 = Template|Win32
		{86ED28C4-55E3-77CE-FF40-EA468302878C}.Debug DX9|Win32.ActiveCfg = Debug|Win32
		{86ED28C4-55E3-77CE-FF40-EA468302878C}.Debug DX9|Win32.Build.0 = Debug|Win32
		{86ED28C4-55E3-77CE-FF40-EA468302878C}.Debug ps20|Win32.ActiveCfg = Debug|Win32
		{86ED28C4-55E3-77CE-FF40-EA468302878C}.Debug STEAM|Win32.ActiveCfg = Debug|Win32
		{86ED28C4-55E3-77CE-FF40-EA468302878C}.Debug|Win32.ActiveCfg = Debug|Win32
		{86ED28C4-55E3-77CE-FF40-EA468302878C}.Debug|Win32.Build.0 = Debug|Win32
		{86ED28C4-55E3-77CE-FF40-EA468302878C}.Release DX9|Win32.ActiveCfg = Release|Win32
		{86ED28C4-55E3-77CE-FF40-EA468302878C}.Release DX9|Win32.Build.0 = Release|Win32
		{86ED28C4-55E3-77CE-FF40-EA468302878C}.Release ps20|Win32.ActiveCfg = Release|Win32
		{86ED28C4-55E3-77CE-FF40-EA468302878C}.Release STEAM|Win32.ActiveCfg = Release|Win32
		{86ED28C4-55E3-77CE-FF40-EA468302878C}.Release|Win32.ActiveCfg = Release|Win32
		{86ED28C4-55E3-77CE-FF40-EA468302878C}.Release|Win32.Build.0 = Release|Win32
		{86ED28C4-55E3-77CE-FF40-EA468302878C}.Template|Win32.ActiveCfg = Template|Win32
		{86ED28C4-55E3-77CE-FF40-EA468302878C}.Template|Win32.Build.0 = Template|Win32
		{8E1CB521-9F4C-9DDE-F3DE-09896A7BE264}.Debug DX9|Win32.ActiveCfg = Debug STEAM|Win32
		{8E1CB521-9F4C-9DDE-F3DE-09896A7BE264}.Debug DX9|Win32.Build.0 = Debug STEAM|Win32
		{8E1CB521-9F4C-9DDE-F3DE-09896A7BE264}.Debug ps20|Win32.ActiveCfg = Debug STEAM|Win32
		{8E1CB521-9F4C-9DDE-F3DE-09896A7BE264}.Debug STEAM|Win32.ActiveCfg = Debug STEAM|Win32
		{8E1CB521-9F4C-9DDE-F3DE-09896A7BE264}.Debug STEAM|Win32.Build.0 = Debug STEAM|Win32
		{8E1CB521-9F4C-9DDE-F3DE-09896A7BE264}.Debug|Win32.ActiveCfg = Debug|Win32
		{8E1CB521-9F4C-9DDE-F3DE-09896A7BE264}.Debug|Win32.Build.0 = Debug|Win32
		{8E1CB521-9F4C-9DDE-F3DE-09896A7BE264}.Release DX9|Win32.ActiveCfg = Release STEAM|Win32
		{8E1CB521-9F4C-9DDE-F3DE-09896A7BE264}.Release DX9|Win32.Build.0 = Release STEAM|Win32
		{8E1CB521-9F4C-9DDE-F3DE-09896A7BE264}.Release ps20|Win32.ActiveCfg = Release STEAM|Win32
		{8E1CB521-9F4C-9DDE-F3DE-09896A7BE264}.Release STEAM|Win32.ActiveCfg = Release STEAM|Win32
		{8E1CB521-9F4C-9DDE-F3DE-09896A7BE264}.Release STEAM|Win32.Build.0 = Release STEAM|Win32
		{8E1CB521-9F4C-9DDE-F3DE-09896A7BE264}.Release|Win32.ActiveCfg = Release|Win32
		{8E1CB521-9F4C-9DDE-F3DE-09896A7BE264}.Release|Win32.Build.0 = Release|Win32
		{8E1CB521-9F4C-9DDE-F3DE-09896A7BE264}.Template|Win32.ActiveCfg = Template|Win32
		{8E1CB521-9F4C-9DDE-F3DE-09896A7BE264}.Template|Win32.Build.0 = Template|Win32
		{E9F10EE9-4C48-1318-9805-8611EAB993E1}.Debug DX9|Win32.ActiveCfg = Debug|Win32
		{E9F10EE9-4C48-1318-9805-8611EAB993E1}.Debug DX9|Win32.Build.0 = Debug|Win32
		{E9F10EE9-4C48-1318-9805-8611EAB993E1}.Debug ps20|Win32.ActiveCfg = Debug|Win32
		{E9F10EE9-4C48-1318-9805-8611EAB993E1}.Debug STEAM|Win32.ActiveCfg = Debug|Win32
		{E9F10EE9-4C48-1318-9805-8611EAB993E1}.Debug|Win32.ActiveCfg = Debug|Win32
		{E9F10EE9-4C48-1318-9805-8611EAB993E1}.Debug|Win32.Build.0 = Debug|Win32
		{E9F10EE9-4C48-1318-9805-8611EAB993E1}.Release DX9|Win32.ActiveCfg = Release|Win32
		{E9F10EE9-4C48-1318-9805-8611EAB993E1}.Release DX9|Win32.Build.0 = Release|Win32
		{E9F10EE9-4C48-1318-9805-8611EAB993E1}.Release ps20|Win32.ActiveCfg = Release|Win32
		{E9F10EE9-4C48-1318-9805-8611EAB993E1}.Release STEAM|Win32.ActiveCfg = Release|Win32
		{E9F10EE9-4C48-1318-9805-8611EAB993E1}.Release|Win32.ActiveCfg = Release|Win32
		{E9F10EE9-4C48-1318-9805-8611EAB993E1}.Release|Win32.Build.0 = Release|Win32
		{E9F10EE9-4C48-1318-9805-8611EAB993E1}.Template|Win32.ActiveCfg = Template|Win32
		{E9F10EE9-4C48-1318-9805-8611EAB993E1}.Template|Win32.Build.0 = Template|Win32
		{02015535-A161-70C0-2A13-18ED4BE654CE}.Debug DX9|Win32.ActiveCfg = Debug|Win32
		{02015535-A161-70C0-2A13-18ED4BE654CE}.Debug DX9|Win32.Build.0 = Debug|Win32
		{02015535-A161-70C0-2A13-18ED4BE654CE}.Debug ps20|Win32.ActiveCfg = Debug|Win32
		{02015535-A161-70C0-2A13-18ED4BE654CE}.Debug STEAM|Win32.ActiveCfg = Debug|Win32
		{02015535-A161-70C0-2A13-18ED4BE654CE}.Debug|Win32.ActiveCfg = Debug|Win32
		{02015535-A161-70C0-2A13-18ED4BE654CE}.Debug|Win32.Build.0 = Debug|Win32
		{02015535-A161-70C0-2A13-18ED4BE654CE}.Release DX9|Win32.ActiveCfg = Release|Win32
		{02015535-A161-70C0-2A13-18ED4BE654CE}.Release DX9|Win32.Build.0 = Release|Win32
		{02015535-A161-70C0-2A13-18ED4BE654CE}.Release ps20|Win32.ActiveCfg = Release|Win32
		{02015535-A161-70C0-2A13-18ED4BE654CE}.Release STEAM|Win32.ActiveCfg = Release|Win32
		{02015535-A161-70C0-2A13-18ED4BE654CE}.Release|Win32.ActiveCfg = Release|Win32
		{02015535-A161-70C0-2A13-18ED4BE654CE}.Release|Win32.Build.0 = Release|Win32
		{02015535-A161-70C0-2A13-18ED4BE654CE}.Template|Win32.ActiveCfg = Template|Win32
		{02015535-A161-70C0-2A13-18ED4BE654CE}.Template|Win32.Build.0 = Template|Win32
		{D031EF9D-54FF-86B7-62AE-94D71C225A90}.Debug DX9|Win32.ActiveCfg = Debug|Win32
		{D031EF9D-54FF-86B7-62AE-94D71C225A90}.Debug DX9|Win32.Build.0 = Debug|Win32
		{D031EF9D-54FF-86B7-62AE-94D71C225A90}.Debug ps20|Win32.ActiveCfg = Debug|Win32
		{D031EF9D-54FF-86B7-62AE-94D71C225A90}.Debug STEAM|Win32.ActiveCfg = Debug|Win32
		{D031EF9D-54FF-86B7-62AE-94D71C225A90}.Debug|Win32.ActiveCfg = Debug|Win32
		{D031EF9D-54FF-86B7-62AE-94D71C225A90}.Debug|Win32.Build.0 = Debug|Win32
		{D031EF9D-54FF-86B7-62AE-94D71C225A90}.Release DX9|Win32.ActiveCfg = Release|Win32
		{D031EF9D-54FF-86B7-62AE-94D71C225A90}.Release DX9|Win32.Build.0 = Release|Win32
		{D031EF9D-54FF-86B7-62AE-94D71C225A90}.Release ps20|Win32.ActiveCfg = Release|Win32
		{D031EF9D-54FF-86B7-62AE-94D71C225A90}.Release STEAM|Win32.ActiveCfg = Release|Win32
		{D031EF9D-54FF-86B7-62AE-94D71C225A90}.Release|Win32.ActiveCfg = Release|Win32
		{D031EF9D-54FF-86B7-62AE-94D71C225A90}.Release|Win32.Build.0 = Release|Win32
		{D031EF9D-54FF-86B7-62AE-94D71C225A90}.Template|Win32.ActiveCfg = Template|Win32
		{D031EF9D-54FF-86B7-62AE-94D71C225A90}.Template|Win32.Build.0 = Template|Win32
		{21BB346F-B209-7E9A-E9B1-9503124CB7FA}.Debug DX9|Win32.ActiveCfg = Debug|Win32
		{21BB346F-B209-7E9A-E9B1-9503124CB7FA}.Debug DX9|Win32.Build.0 = Debug|Win32
		{21BB346F-B209-7E9A-E9B1-9503124CB7FA}.Debug ps20|Win32.ActiveCfg = Debug|Win32
		{21BB346F-B209-7E9A-E9B1-9503124CB7FA}.Debug STEAM|Win32.ActiveCfg = Debug|Win32
		{21BB346F-B209-7E9A-E9B1-9503124CB7FA}.Debug|Win32.ActiveCfg = Debug|Win32
		{21BB346F-B209-7E9A-E9B1-9503124CB7FA}.Debug|Win32.Build.0 = Debug|Win32
		{21BB346F-B209-7E9A-E9B1-9503124CB7FA}.Release DX9|Win32.ActiveCfg = Release|Win32
		{21BB346F-B209-7E9A-E9B1-9503124CB7FA}.Release DX9|Win32.Build.0 = Release|Win32
		{21BB346F-B209-7E9A-E9B1-9503124CB7FA}.Release ps20|Win32.ActiveCfg = Release|Win32
		{21BB346F-B209-7E9A-E9B1-9503124CB7FA}.Release STEAM|Win32.ActiveCfg = Release|Win32
		{21BB346F-B209-7E9A-E9B1-9503124CB7FA}.Release|Win32.ActiveCfg = Release|Win32
		{21BB346F-B209-7E9A-E9B1-9503124CB7FA}.Release|Win32.Build.0 = Release|Win32
		{21BB346F-B209-7E9A-E9B1-9503124CB7FA}.Template|Win32.ActiveCfg = Template|Win32
		{21BB346F-B209-7E9A-E9B1-9503124CB7FA}.Template|Win32.Build.0 = Template|Win32
		{723914EE-4C2B-929A-95BC-77A90EC584A6}.Debug DX9|Win32.ActiveCfg = Debug|Win32
		{723914EE-4C2B-929A-95BC-77A90EC584A6}.Debug DX9|Win32.Build.0 = Debug|Win32
		{723914EE-4C2B-929A-95BC-77A90EC584A6}.Debug ps20|Win32.ActiveCfg = Debug|Win32
		{723914EE-4C2B-929A-95BC-77A90EC584A6}.Debug STEAM|Win32.ActiveCfg = Debug|Win32
		{723914EE-4C2B-929A-95BC-77A90EC584A6}.Debug|Win32.ActiveCfg = Debug|Win32
		{723914EE-4C2B-929A-95BC-77A90EC584A6}.Debug|Win32.Build.0 = Debug|Win32
		{723914EE-4C2B-929A-95BC-77A90EC584A6}.Release DX9|Win32.ActiveCfg = Release|Win32
		{723914EE-4C2B-929A-95BC-77A90EC584A6}.Release DX9|Win32.Build.0 = Release|Win32
		{723914EE-4C2B-929A-95BC-77A90EC584A6}.Release ps20|Win32.ActiveCfg = Release|Win32
		{723914EE-4C2B-929A-95BC-77A90EC584A6}.Release STEAM|Win32.ActiveCfg = Release|Win32
		{723914EE-4C2B-929A-95BC-77A90EC584A6}.Release|Win32.ActiveCfg = Release|Win32
		{723914EE-4C2B-929A-95BC-77A90EC584A6}.Release|Win32.Build.0 = Release|Win32
		{723914EE-4C2B-929A-95BC-77A90EC584A6}.Template|Win32.ActiveCfg = Template|Win32
		{723914EE-4C2B-929A-95BC-77A90EC584A6}.Template|Win32.Build.0 = Template|Win32
	EndGlobalSection
	GlobalSection(SolutionProperties) = preSolution
		HideSolutionNode = FALSE
	EndGlobalSection
EndGlobal
