
Microsoft Visual Studio Solution File, Format Version 11.00
# Visual Studio 2010
Project("{8BC9CEB8-8B4A-11D0-8D11-00A0C91BC942}") = "tier0", "..\tier0\tier0.vcxproj", "{F1134BB3-A921-6DA4-A222-BCFD828DED37}"
EndProject
Project("{8BC9CEB8-8B4A-11D0-8D11-00A0C91BC942}") = "vstdlib", "..\vstdlib\vstdlib.vcxproj", "{E111A095-261F-5674-6F8C-22A4E6A64595}"
	ProjectSection(ProjectDependencies) = postProject
		{F1134BB3-A921-6DA4-A222-BCFD828DED37} = {F1134BB3-A921-6DA4-A222-BCFD828DED37}
	EndProjectSection
EndProject
Project("{8BC9CEB8-8B4A-11D0-8D11-00A0C91BC942}") = "unitlib", "..\unitlib\unitlib.vcxproj", "{4DF3D1FC-39EB-1C0C-B6F8-0ED93E2FD3E2}"
	ProjectSection(ProjectDependencies) = postProject
		{E111A095-261F-5674-6F8C-22A4E6A64595} = {E111A095-261F-5674-6F8C-22A4E6A64595}
		{F1134BB3-A921-6DA4-A222-BCFD828DED37} = {F1134BB3-A921-6DA4-A222-BCFD828DED37}
	EndProjectSection
EndProject
Project("{8BC9CEB8-8B4A-11D0-8D11-00A0C91BC942}") = "vtf", "..\vtf\vtf.vcxproj", "{2B94CFDF-FC30-83DA-BB59-02631BC3FADE}"
EndProject
Project("{8BC9CEB8-8B4A-11D0-8D11-00A0C91BC942}") = "shaderlib", "..\shaderlib\shaderlib.vcxproj", "{5E14D848-1877-0039-924D-32D61822E4F1}"
EndProject
Project("{8BC9CEB8-8B4A-11D0-8D11-00A0C91BC942}") = "stdshader_dbg", "..\materialsystem\stdshaders\stdshader_dbg.vcxproj", "{CEF22835-458C-9A8B-04D8-77F1A2FB7909}"
	ProjectSection(ProjectDependencies) = postProject
		{5E14D848-1877-0039-924D-32D61822E4F1} = {5E14D848-1877-0039-924D-32D61822E4F1}
		{E111A095-261F-5674-6F8C-22A4E6A64595} = {E111A095-261F-5674-6F8C-22A4E6A64595}
		{F1134BB3-A921-6DA4-A222-BCFD828DED37} = {F1134BB3-A921-6DA4-A222-BCFD828DED37}
	EndProjectSection
EndProject
Project("{8BC9CEB8-8B4A-11D0-8D11-00A0C91BC942}") = "stdshader_dx6", "..\materialsystem\stdshaders\stdshader_dx6.vcxproj", "{6A9BC407-C403-56E6-9DE1-400612E2B867}"
	ProjectSection(ProjectDependencies) = postProject
		{5E14D848-1877-0039-924D-32D61822E4F1} = {5E14D848-1877-0039-924D-32D61822E4F1}
		{E111A095-261F-5674-6F8C-22A4E6A64595} = {E111A095-261F-5674-6F8C-22A4E6A64595}
		{F1134BB3-A921-6DA4-A222-BCFD828DED37} = {F1134BB3-A921-6DA4-A222-BCFD828DED37}
	EndProjectSection
EndProject
Project("{8BC9CEB8-8B4A-11D0-8D11-00A0C91BC942}") = "stdshader_dx7", "..\materialsystem\stdshaders\stdshader_dx7.vcxproj", "{E501B13D-ECE4-E747-022B-93844FEC0B51}"
	ProjectSection(ProjectDependencies) = postProject
		{5E14D848-1877-0039-924D-32D61822E4F1} = {5E14D848-1877-0039-924D-32D61822E4F1}
		{E111A095-261F-5674-6F8C-22A4E6A64595} = {E111A095-261F-5674-6F8C-22A4E6A64595}
		{F1134BB3-A921-6DA4-A222-BCFD828DED37} = {F1134BB3-A921-6DA4-A222-BCFD828DED37}
	EndProjectSection
EndProject
Project("{8BC9CEB8-8B4A-11D0-8D11-00A0C91BC942}") = "stdshader_dx8", "..\materialsystem\stdshaders\stdshader_dx8.vcxproj", "{7B2B3252-295D-8829-DB7E-9EC8BFFFCE7C}"
	ProjectSection(ProjectDependencies) = postProject
		{5E14D848-1877-0039-924D-32D61822E4F1} = {5E14D848-1877-0039-924D-32D61822E4F1}
		{E111A095-261F-5674-6F8C-22A4E6A64595} = {E111A095-261F-5674-6F8C-22A4E6A64595}
		{F1134BB3-A921-6DA4-A222-BCFD828DED37} = {F1134BB3-A921-6DA4-A222-BCFD828DED37}
	EndProjectSection
EndProject
Project("{8BC9CEB8-8B4A-11D0-8D11-00A0C91BC942}") = "stdshader_dx9", "..\materialsystem\stdshaders\stdshader_dx9.vcxproj", "{D3E087C1-0682-1AC1-E94F-B8A0CEFF51BC}"
	ProjectSection(ProjectDependencies) = postProject
		{5E14D848-1877-0039-924D-32D61822E4F1} = {5E14D848-1877-0039-924D-32D61822E4F1}
		{E111A095-261F-5674-6F8C-22A4E6A64595} = {E111A095-261F-5674-6F8C-22A4E6A64595}
		{F1134BB3-A921-6DA4-A222-BCFD828DED37} = {F1134BB3-A921-6DA4-A222-BCFD828DED37}
	EndProjectSection
EndProject
Project("{8BC9CEB8-8B4A-11D0-8D11-00A0C91BC942}") = "stdshader_hdr_dx9", "..\materialsystem\stdshaders\stdshader_hdr_dx9.vcxproj", "{BEE035A4-31F4-90A8-A9B9-ADA157420E56}"
	ProjectSection(ProjectDependencies) = postProject
		{5E14D848-1877-0039-924D-32D61822E4F1} = {5E14D848-1877-0039-924D-32D61822E4F1}
		{E111A095-261F-5674-6F8C-22A4E6A64595} = {E111A095-261F-5674-6F8C-22A4E6A64595}
		{F1134BB3-A921-6DA4-A222-BCFD828DED37} = {F1134BB3-A921-6DA4-A222-BCFD828DED37}
	EndProjectSection
EndProject
Project("{8BC9CEB8-8B4A-11D0-8D11-00A0C91BC942}") = "shader_nvfx", "..\materialsystem\stdshaders\shader_nvfx.vcxproj", "{97CB3553-26E8-D38A-A7BA-3213DA743696}"
	ProjectSection(ProjectDependencies) = postProject
		{5E14D848-1877-0039-924D-32D61822E4F1} = {5E14D848-1877-0039-924D-32D61822E4F1}
		{E111A095-261F-5674-6F8C-22A4E6A64595} = {E111A095-261F-5674-6F8C-22A4E6A64595}
		{F1134BB3-A921-6DA4-A222-BCFD828DED37} = {F1134BB3-A921-6DA4-A222-BCFD828DED37}
	EndProjectSection
EndProject
Project("{8BC9CEB8-8B4A-11D0-8D11-00A0C91BC942}") = "shader_nvfx_ps20", "..\materialsystem\stdshaders\shader_nvfx_ps20.vcxproj", "{FF21A4C1-02B0-0A0E-392A-DA2EC043A449}"
	ProjectSection(ProjectDependencies) = postProject
		{5E14D848-1877-0039-924D-32D61822E4F1} = {5E14D848-1877-0039-924D-32D61822E4F1}
		{E111A095-261F-5674-6F8C-22A4E6A64595} = {E111A095-261F-5674-6F8C-22A4E6A64595}
		{F1134BB3-A921-6DA4-A222-BCFD828DED37} = {F1134BB3-A921-6DA4-A222-BCFD828DED37}
	EndProjectSection
EndProject
Project("{8BC9CEB8-8B4A-11D0-8D11-00A0C91BC942}") = "shaderempty", "..\materialsystem\shaderempty\shaderempty.vcxproj", "{56CF4C26-1ED6-B001-2C88-D3B873B85EDB}"
	ProjectSection(ProjectDependencies) = postProject
		{E111A095-261F-5674-6F8C-22A4E6A64595} = {E111A095-261F-5674-6F8C-22A4E6A64595}
		{F1134BB3-A921-6DA4-A222-BCFD828DED37} = {F1134BB3-A921-6DA4-A222-BCFD828DED37}
	EndProjectSection
EndProject
Project("{8BC9CEB8-8B4A-11D0-8D11-00A0C91BC942}") = "shaderdx8", "..\materialsystem\shaderdx8\shaderdx8.vcxproj", "{C7660E75-CBFB-F4E3-F6D0-CC6C5A47946F}"
	ProjectSection(ProjectDependencies) = postProject
		{E111A095-261F-5674-6F8C-22A4E6A64595} = {E111A095-261F-5674-6F8C-22A4E6A64595}
		{F1134BB3-A921-6DA4-A222-BCFD828DED37} = {F1134BB3-A921-6DA4-A222-BCFD828DED37}
	EndProjectSection
EndProject
Project("{8BC9CEB8-8B4A-11D0-8D11-00A0C91BC942}") = "playback_dx9", "..\materialsystem\shaderdx8\playback\playback_dx9.vcxproj", "{DD817C9C-6890-E7A3-A646-97CD2989133E}"
EndProject
Project("{8BC9CEB8-8B4A-11D0-8D11-00A0C91BC942}") = "materialsystem", "..\materialsystem\materialsystem.vcxproj", "{E5BBAABB-1584-AF06-9079-B2B1A3D16687}"
	ProjectSection(ProjectDependencies) = postProject
		{5E14D848-1877-0039-924D-32D61822E4F1} = {5E14D848-1877-0039-924D-32D61822E4F1}
		{E111A095-261F-5674-6F8C-22A4E6A64595} = {E111A095-261F-5674-6F8C-22A4E6A64595}
		{F1134BB3-A921-6DA4-A222-BCFD828DED37} = {F1134BB3-A921-6DA4-A222-BCFD828DED37}
		{2B94CFDF-FC30-83DA-BB59-02631BC3FADE} = {2B94CFDF-FC30-83DA-BB59-02631BC3FADE}
	EndProjectSection
EndProject
Project("{8BC9CEB8-8B4A-11D0-8D11-00A0C91BC942}") = "mxtoolkitwin32", "..\utils\mxtk\msvc\mxtoolkitwin32.vcxproj", "{36B54392-1B80-3459-9F95-6F23FEEBB415}"
EndProject
Project("{8BC9CEB8-8B4A-11D0-8D11-00A0C91BC942}") = "vgui_surfacelib", "..\vgui2\vgui_surfacelib\vgui_surfacelib.vcxproj", "{396E3024-7579-85FA-191A-6E6EEA97556C}"
EndProject
Project("{8BC9CEB8-8B4A-11D0-8D11-00A0C91BC942}") = "vgui_dll", "..\vgui2\src\vgui_dll.vcxproj", "{435397A9-2B48-3F33-296F-A1AB64D39A20}"
	ProjectSection(ProjectDependencies) = postProject
		{396E3024-7579-85FA-191A-6E6EEA97556C} = {396E3024-7579-85FA-191A-6E6EEA97556C}
		{E111A095-261F-5674-6F8C-22A4E6A64595} = {E111A095-261F-5674-6F8C-22A4E6A64595}
		{F1134BB3-A921-6DA4-A222-BCFD828DED37} = {F1134BB3-A921-6DA4-A222-BCFD828DED37}
	EndProjectSection
EndProject
Project("{8BC9CEB8-8B4A-11D0-8D11-00A0C91BC942}") = "vgui_controls", "..\vgui2\controls\vgui_controls.vcxproj", "{594EF03D-BBB4-686D-146A-FC2D90BB547B}"
EndProject
Project("{8BC9CEB8-8B4A-11D0-8D11-00A0C91BC942}") = "vphysics", "..\vphysics\vphysics.vcxproj", "{71670153-D321-14AF-7021-6108BE646F24}"
	ProjectSection(ProjectDependencies) = postProject
		{39135441-0A83-64C5-CDB5-1983C408B613} = {39135441-0A83-64C5-CDB5-1983C408B613}
		{793A2784-E27D-6FA6-EB5F-370C428CEB09} = {793A2784-E27D-6FA6-EB5F-370C428CEB09}
	EndProjectSection
EndProject
Project("{8BC9CEB8-8B4A-11D0-8D11-00A0C91BC942}") = "studiorender", "..\studiorender\studiorender.vcxproj", "{86ED28C4-55E3-77CE-FF40-EA468302878C}"
	ProjectSection(ProjectDependencies) = postProject
		{E111A095-261F-5674-6F8C-22A4E6A64595} = {E111A095-261F-5674-6F8C-22A4E6A64595}
		{F1134BB3-A921-6DA4-A222-BCFD828DED37} = {F1134BB3-A921-6DA4-A222-BCFD828DED37}
	EndProjectSection
EndProject
Project("{8BC9CEB8-8B4A-11D0-8D11-00A0C91BC942}") = "filesystem_stdio", "..\filesystem\filesystem_stdio\filesystem_stdio.vcxproj", "{8E1CB521-9F4C-9DDE-F3DE-09896A7BE264}"
	ProjectSection(ProjectDependencies) = postProject
		{E111A095-261F-5674-6F8C-22A4E6A64595} = {E111A095-261F-5674-6F8C-22A4E6A64595}
		{F1134BB3-A921-6DA4-A222-BCFD828DED37} = {F1134BB3-A921-6DA4-A222-BCFD828DED37}
	EndProjectSection
EndProject
Project("{8BC9CEB8-8B4A-11D0-8D11-00A0C91BC942}") = "filesystem_steam", "..\filesystem\filesystem_stdio\filesystem_steam.vcxproj", "{EFC15B14-631B-A74E-036A-F9DA1FAE7206}"
	ProjectSection(ProjectDependencies) = postProject
		{E111A095-261F-5674-6F8C-22A4E6A64595} = {E111A095-261F-5674-6F8C-22A4E6A64595}
		{F1134BB3-A921-6DA4-A222-BCFD828DED37} = {F1134BB3-A921-6DA4-A222-BCFD828DED37}
	EndProjectSection
EndProject
Project("{8BC9CEB8-8B4A-11D0-8D11-00A0C91BC942}") = "appframework", "..\appframework\appframework.vcxproj", "{E9F10EE9-4C48-1318-9805-8611EAB993E1}"
EndProject
Project("{8BC9CEB8-8B4A-11D0-8D11-00A0C91BC942}") = "vguimatsurface", "..\vguimatsurface\vguimatsurface.vcxproj", "{02015535-A161-70C0-2A13-18ED4BE654CE}"
	ProjectSection(ProjectDependencies) = postProject
		{396E3024-7579-85FA-191A-6E6EEA97556C} = {396E3024-7579-85FA-191A-6E6EEA97556C}
		{594EF03D-BBB4-686D-146A-FC2D90BB547B} = {594EF03D-BBB4-686D-146A-FC2D90BB547B}
		{E111A095-261F-5674-6F8C-22A4E6A64595} = {E111A095-261F-5674-6F8C-22A4E6A64595}
		{F1134BB3-A921-6DA4-A222-BCFD828DED37} = {F1134BB3-A921-6DA4-A222-BCFD828DED37}
	EndProjectSection
EndProject
Project("{8BC9CEB8-8B4A-11D0-8D11-00A0C91BC942}") = "GameUI", "..\gameui\GameUI.vcxproj", "{D031EF9D-54FF-86B7-62AE-94D71C225A90}"
	ProjectSection(ProjectDependencies) = postProject
		{594EF03D-BBB4-686D-146A-FC2D90BB547B} = {594EF03D-BBB4-686D-146A-FC2D90BB547B}
		{E111A095-261F-5674-6F8C-22A4E6A64595} = {E111A095-261F-5674-6F8C-22A4E6A64595}
		{F1134BB3-A921-6DA4-A222-BCFD828DED37} = {F1134BB3-A921-6DA4-A222-BCFD828DED37}
		{2B94CFDF-FC30-83DA-BB59-02631BC3FADE} = {2B94CFDF-FC30-83DA-BB59-02631BC3FADE}
	EndProjectSection
EndProject
Project("{8BC9CEB8-8B4A-11D0-8D11-00A0C91BC942}") = "miles", "..\engine\voice_codecs\miles\miles.vcxproj", "{21BB346F-B209-7E9A-E9B1-9503124CB7FA}"
EndProject
Project("{8BC9CEB8-8B4A-11D0-8D11-00A0C91BC942}") = "ServerBrowser", "..\Tracker\ServerBrowser\ServerBrowser.vcxproj", "{723914EE-4C2B-929A-95BC-77A90EC584A6}"
	ProjectSection(ProjectDependencies) = postProject
		{594EF03D-BBB4-686D-146A-FC2D90BB547B} = {594EF03D-BBB4-686D-146A-FC2D90BB547B}
		{E111A095-261F-5674-6F8C-22A4E6A64595} = {E111A095-261F-5674-6F8C-22A4E6A64595}
		{F1134BB3-A921-6DA4-A222-BCFD828DED37} = {F1134BB3-A921-6DA4-A222-BCFD828DED37}
	EndProjectSection
EndProject
Project("{8BC9CEB8-8B4A-11D0-8D11-00A0C91BC942}") = "ivp_physics", "..\ivp\ivp_workspaces_src\win32\ivp_physics_lib.vcxproj", "{39135441-0A83-64C5-CDB5-1983C408B613}"
EndProject
Project("{8BC9CEB8-8B4A-11D0-8D11-00A0C91BC942}") = "ivp_compactbuilder", "..\ivp\ivp_workspaces_src\win32\ivp_compactbuilder_lib.vcxproj", "{793A2784-E27D-6FA6-EB5F-370C428CEB09}"
EndProject
Project("{8BC9CEB8-8B4A-11D0-8D11-00A0C91BC942}") = "vmpi", "..\utils\vmpi\vmpi.vcxproj", "{643DDA11-C581-9A56-4D02-95E1F6451B2E}"
	ProjectSection(ProjectDependencies) = postProject
		{E111A095-261F-5674-6F8C-22A4E6A64595} = {E111A095-261F-5674-6F8C-22A4E6A64595}
		{F1134BB3-A921-6DA4-A222-BCFD828DED37} = {F1134BB3-A921-6DA4-A222-BCFD828DED37}
	EndProjectSection
EndProject
Project("{8BC9CEB8-8B4A-11D0-8D11-00A0C91BC942}") = "vbspinfo", "..\utils\vbspinfo\vbspinfo.vcxproj", "{46F87922-DA96-0359-161B-AEE56EB5804F}"
	ProjectSection(ProjectDependencies) = postProject
		{E111A095-261F-5674-6F8C-22A4E6A64595} = {E111A095-261F-5674-6F8C-22A4E6A64595}
		{F1134BB3-A921-6DA4-A222-BCFD828DED37} = {F1134BB3-A921-6DA4-A222-BCFD828DED37}
	EndProjectSection
EndProject
Project("{8BC9CEB8-8B4A-11D0-8D11-00A0C91BC942}") = "vbsp", "..\utils\vbsp\vbsp.vcxproj", "{A3152FAE-ABBC-930C-EF8A-31949C54EE01}"
	ProjectSection(ProjectDependencies) = postProject
		{E111A095-261F-5674-6F8C-22A4E6A64595} = {E111A095-261F-5674-6F8C-22A4E6A64595}
		{F1134BB3-A921-6DA4-A222-BCFD828DED37} = {F1134BB3-A921-6DA4-A222-BCFD828DED37}
		{2B94CFDF-FC30-83DA-BB59-02631BC3FADE} = {2B94CFDF-FC30-83DA-BB59-02631BC3FADE}
	EndProjectSection
EndProject
Project("{8BC9CEB8-8B4A-11D0-8D11-00A0C91BC942}") = "vrad", "..\utils\vrad\vrad.vcxproj", "{5507687C-B9A6-1919-23C3-9F5C6780CCA0}"
	ProjectSection(ProjectDependencies) = postProject
		{643DDA11-C581-9A56-4D02-95E1F6451B2E} = {643DDA11-C581-9A56-4D02-95E1F6451B2E}
		{E111A095-261F-5674-6F8C-22A4E6A64595} = {E111A095-261F-5674-6F8C-22A4E6A64595}
		{F1134BB3-A921-6DA4-A222-BCFD828DED37} = {F1134BB3-A921-6DA4-A222-BCFD828DED37}
		{2B94CFDF-FC30-83DA-BB59-02631BC3FADE} = {2B94CFDF-FC30-83DA-BB59-02631BC3FADE}
	EndProjectSection
EndProject
Project("{8BC9CEB8-8B4A-11D0-8D11-00A0C91BC942}") = "vrad_launcher", "..\utils\vrad_launcher\vrad_launcher.vcxproj", "{50D22775-A0DC-F9BC-7188-2036C8F0B726}"
	ProjectSection(ProjectDependencies) = postProject
		{E111A095-261F-5674-6F8C-22A4E6A64595} = {E111A095-261F-5674-6F8C-22A4E6A64595}
		{F1134BB3-A921-6DA4-A222-BCFD828DED37} = {F1134BB3-A921-6DA4-A222-BCFD828DED37}
	EndProjectSection
EndProject
Project("{8BC9CEB8-8B4A-11D0-8D11-00A0C91BC942}") = "vvis", "..\utils\vvis\vvis.vcxproj", "{1652E2EE-5279-A9B6-022D-06080ED87F45}"
	ProjectSection(ProjectDependencies) = postProject
		{643DDA11-C581-9A56-4D02-95E1F6451B2E} = {643DDA11-C581-9A56-4D02-95E1F6451B2E}
		{E111A095-261F-5674-6F8C-22A4E6A64595} = {E111A095-261F-5674-6F8C-22A4E6A64595}
		{F1134BB3-A921-6DA4-A222-BCFD828DED37} = {F1134BB3-A921-6DA4-A222-BCFD828DED37}
	EndProjectSection
EndProject
Project("{8BC9CEB8-8B4A-11D0-8D11-00A0C91BC942}") = "vvis_launcher", "..\utils\vvis_launcher\vvis_launcher.vcxproj", "{865C9ED1-18A0-FEF6-429F-B164ACB6CB5F}"
	ProjectSection(ProjectDependencies) = postProject
		{E111A095-261F-5674-6F8C-22A4E6A64595} = {E111A095-261F-5674-6F8C-22A4E6A64595}
		{F1134BB3-A921-6DA4-A222-BCFD828DED37} = {F1134BB3-A921-6DA4-A222-BCFD828DED37}
	EndProjectSection
EndProject
Project("{8BC9CEB8-8B4A-11D0-8D11-00A0C91BC942}") = "nvtristriplib", "..\utils\nvtristriplib\nvtristriplib.vcxproj", "{C0C8C2AE-6E3A-9055-2F78-8800E9084933}"
EndProject
Project("{8BC9CEB8-8B4A-11D0-8D11-00A0C91BC942}") = "studiomdl", "..\utils\studiomdl\studiomdl.vcxproj", "{60BCD466-1C8C-96C1-61D6-B56CF01F2E4D}"
	ProjectSection(ProjectDependencies) = postProject
		{E111A095-261F-5674-6F8C-22A4E6A64595} = {E111A095-261F-5674-6F8C-22A4E6A64595}
		{C0C8C2AE-6E3A-9055-2F78-8800E9084933} = {C0C8C2AE-6E3A-9055-2F78-8800E9084933}
		{F1134BB3-A921-6DA4-A222-BCFD828DED37} = {F1134BB3-A921-6DA4-A222-BCFD828DED37}
		{E9F10EE9-4C48-1318-9805-8611EAB993E1} = {E9F10EE9-4C48-1318-9805-8611EAB993E1}
	EndProjectSection
EndProject
Project("{8BC9CEB8-8B4A-11D0-8D11-00A0C91BC942}") = "hlmv", "..\utils\hlmviewer\src\hlmv.vcxproj", "{833B84E1-C728-2B8D-B955-56CE1C93775D}"
	ProjectSection(ProjectDependencies) = postProject
		{36B54392-1B80-3459-9F95-6F23FEEBB415} = {36B54392-1B80-3459-9F95-6F23FEEBB415}
		{E111A095-261F-5674-6F8C-22A4E6A64595} = {E111A095-261F-5674-6F8C-22A4E6A64595}
		{F1134BB3-A921-6DA4-A222-BCFD828DED37} = {F1134BB3-A921-6DA4-A222-BCFD828DED37}
		{E9F10EE9-4C48-1318-9805-8611EAB993E1} = {E9F10EE9-4C48-1318-9805-8611EAB993E1}
	EndProjectSection
EndProject
Project("{8BC9CEB8-8B4A-11D0-8D11-00A0C91BC942}") = "hlfaceposer", "..\utils\hlfaceposer\hlfaceposer.vcxproj", "{30A37F70-C377-D5D6-0603-C1055B3FF899}"
	ProjectSection(ProjectDependencies) = postProject
		{594EF03D-BBB4-686D-146A-FC2D90BB547B} = {594EF03D-BBB4-686D-146A-FC2D90BB547B}
		{36B54392-1B80-3459-9F95-6F23FEEBB415} = {36B54392-1B80-3459-9F95-6F23FEEBB415}
		{E111A095-261F-5674-6F8C-22A4E6A64595} = {E111A095-261F-5674-6F8C-22A4E6A64595}
		{C6CC5496-25F0-BD1E-3395-4DD0444DF5F2} = {C6CC5496-25F0-BD1E-3395-4DD0444DF5F2}
		{F1134BB3-A921-6DA4-A222-BCFD828DED37} = {F1134BB3-A921-6DA4-A222-BCFD828DED37}
		{89CB3BBD-F413-8C24-9AEA-28D1B9CED62A} = {89CB3BBD-F413-8C24-9AEA-28D1B9CED62A}
		{E9F10EE9-4C48-1318-9805-8611EAB993E1} = {E9F10EE9-4C48-1318-9805-8611EAB993E1}
	EndProjectSection
EndProject
Project("{8BC9CEB8-8B4A-11D0-8D11-00A0C91BC942}") = "scenemanager", "..\utils\scenemanager\scenemanager.vcxproj", "{B3D88FF3-87B8-BBEA-4EDE-C89E6739F5F7}"
	ProjectSection(ProjectDependencies) = postProject
		{36B54392-1B80-3459-9F95-6F23FEEBB415} = {36B54392-1B80-3459-9F95-6F23FEEBB415}
		{E111A095-261F-5674-6F8C-22A4E6A64595} = {E111A095-261F-5674-6F8C-22A4E6A64595}
		{F1134BB3-A921-6DA4-A222-BCFD828DED37} = {F1134BB3-A921-6DA4-A222-BCFD828DED37}
		{E9F10EE9-4C48-1318-9805-8611EAB993E1} = {E9F10EE9-4C48-1318-9805-8611EAB993E1}
	EndProjectSection
EndProject
Project("{8BC9CEB8-8B4A-11D0-8D11-00A0C91BC942}") = "phonemeextractor", "..\utils\phonemeextractor\phonemeextractor.vcxproj", "{C6CC5496-25F0-BD1E-3395-4DD0444DF5F2}"
EndProject
Project("{8BC9CEB8-8B4A-11D0-8D11-00A0C91BC942}") = "phonemeextractor_ims", "..\utils\phonemeextractor\phonemeextractor_ims.vcxproj", "{89CB3BBD-F413-8C24-9AEA-28D1B9CED62A}"
EndProject
Project("{8BC9CEB8-8B4A-11D0-8D11-00A0C91BC942}") = "newdat", "..\utils\newdat\newdat.vcxproj", "{DC99BB82-D46E-1BE2-03E2-C335FB507F59}"
	ProjectSection(ProjectDependencies) = postProject
		{E111A095-261F-5674-6F8C-22A4E6A64595} = {E111A095-261F-5674-6F8C-22A4E6A64595}
		{F1134BB3-A921-6DA4-A222-BCFD828DED37} = {F1134BB3-A921-6DA4-A222-BCFD828DED37}
	EndProjectSection
EndProject
Project("{8BC9CEB8-8B4A-11D0-8D11-00A0C91BC942}") = "vtex", "..\utils\vtex\vtex.vcxproj", "{612F4C50-386E-F6E0-8E60-D22472B5B2BD}"
	ProjectSection(ProjectDependencies) = postProject
		{E111A095-261F-5674-6F8C-22A4E6A64595} = {E111A095-261F-5674-6F8C-22A4E6A64595}
		{F1134BB3-A921-6DA4-A222-BCFD828DED37} = {F1134BB3-A921-6DA4-A222-BCFD828DED37}
	EndProjectSection
EndProject
Project("{8BC9CEB8-8B4A-11D0-8D11-00A0C91BC942}") = "vtex_dll", "..\utils\vtex\vtex_dll.vcxproj", "{253D12A5-25D8-FF44-4FD5-D9846F8DF5AE}"
	ProjectSection(ProjectDependencies) = postProject
		{E111A095-261F-5674-6F8C-22A4E6A64595} = {E111A095-261F-5674-6F8C-22A4E6A64595}
		{F1134BB3-A921-6DA4-A222-BCFD828DED37} = {F1134BB3-A921-6DA4-A222-BCFD828DED37}
		{2B94CFDF-FC30-83DA-BB59-02631BC3FADE} = {2B94CFDF-FC30-83DA-BB59-02631BC3FADE}
	EndProjectSection
EndProject
Project("{8BC9CEB8-8B4A-11D0-8D11-00A0C91BC942}") = "unittest", "..\utils\unittest\unittest.vcxproj", "{CA4A58E8-916E-21A6-008E-FE41ED926DE7}"
	ProjectSection(ProjectDependencies) = postProject
		{E111A095-261F-5674-6F8C-22A4E6A64595} = {E111A095-261F-5674-6F8C-22A4E6A64595}
		{F1134BB3-A921-6DA4-A222-BCFD828DED37} = {F1134BB3-A921-6DA4-A222-BCFD828DED37}
		{E9F10EE9-4C48-1318-9805-8611EAB993E1} = {E9F10EE9-4C48-1318-9805-8611EAB993E1}
		{4DF3D1FC-39EB-1C0C-B6F8-0ED93E2FD3E2} = {4DF3D1FC-39EB-1C0C-B6F8-0ED93E2FD3E2}
	EndProjectSection
EndProject
Project("{8BC9CEB8-8B4A-11D0-8D11-00A0C91BC942}") = "bsppack", "..\utils\bsppack\bsppack.vcxproj", "{DA35731C-FA3B-39F1-2F5B-EDA72C143ABF}"
	ProjectSection(ProjectDependencies) = postProject
		{E111A095-261F-5674-6F8C-22A4E6A64595} = {E111A095-261F-5674-6F8C-22A4E6A64595}
		{F1134BB3-A921-6DA4-A222-BCFD828DED37} = {F1134BB3-A921-6DA4-A222-BCFD828DED37}
	EndProjectSection
EndProject
Project("{8BC9CEB8-8B4A-11D0-8D11-00A0C91BC942}") = "bspzip", "..\utils\bspzip\bspzip.vcxproj", "{BB8D11D8-ACAD-858B-0903-A9D790B0B416}"
	ProjectSection(ProjectDependencies) = postProject
		{E111A095-261F-5674-6F8C-22A4E6A64595} = {E111A095-261F-5674-6F8C-22A4E6A64595}
		{F1134BB3-A921-6DA4-A222-BCFD828DED37} = {F1134BB3-A921-6DA4-A222-BCFD828DED37}
	EndProjectSection
EndProject
Project("{8BC9CEB8-8B4A-11D0-8D11-00A0C91BC942}") = "height2normal", "..\utils\height2normal\height2normal.vcxproj", "{D402C599-DDDC-0560-A938-E062DF060A4C}"
	ProjectSection(ProjectDependencies) = postProject
		{E111A095-261F-5674-6F8C-22A4E6A64595} = {E111A095-261F-5674-6F8C-22A4E6A64595}
		{F1134BB3-A921-6DA4-A222-BCFD828DED37} = {F1134BB3-A921-6DA4-A222-BCFD828DED37}
	EndProjectSection
EndProject
Project("{8BC9CEB8-8B4A-11D0-8D11-00A0C91BC942}") = "vtf2tga", "..\utils\vtf2tga\vtf2tga.vcxproj", "{5ADCA5D5-0C6F-0C1A-6A3D-AFA8E68CB9C1}"
	ProjectSection(ProjectDependencies) = postProject
		{E111A095-261F-5674-6F8C-22A4E6A64595} = {E111A095-261F-5674-6F8C-22A4E6A64595}
		{F1134BB3-A921-6DA4-A222-BCFD828DED37} = {F1134BB3-A921-6DA4-A222-BCFD828DED37}
		{2B94CFDF-FC30-83DA-BB59-02631BC3FADE} = {2B94CFDF-FC30-83DA-BB59-02631BC3FADE}
	EndProjectSection
EndProject
Project("{8BC9CEB8-8B4A-11D0-8D11-00A0C91BC942}") = "bugreporter", "..\utils\bugreporter\bugreporter.vcxproj", "{5DA0256C-CE09-E06F-10F0-14939DB0A84A}"
	ProjectSection(ProjectDependencies) = postProject
		{E111A095-261F-5674-6F8C-22A4E6A64595} = {E111A095-261F-5674-6F8C-22A4E6A64595}
		{F1134BB3-A921-6DA4-A222-BCFD828DED37} = {F1134BB3-A921-6DA4-A222-BCFD828DED37}
	EndProjectSection
EndProject
Project("{8BC9CEB8-8B4A-11D0-8D11-00A0C91BC942}") = "engine", "..\engine\engine.vcxproj", "{B562E0D1-2DD8-9DB0-6E48-FE100C32383D}"
	ProjectSection(ProjectDependencies) = postProject
		{594EF03D-BBB4-686D-146A-FC2D90BB547B} = {594EF03D-BBB4-686D-146A-FC2D90BB547B}
		{E111A095-261F-5674-6F8C-22A4E6A64595} = {E111A095-261F-5674-6F8C-22A4E6A64595}
		{F1134BB3-A921-6DA4-A222-BCFD828DED37} = {F1134BB3-A921-6DA4-A222-BCFD828DED37}
		{2B94CFDF-FC30-83DA-BB59-02631BC3FADE} = {2B94CFDF-FC30-83DA-BB59-02631BC3FADE}
		{E9F10EE9-4C48-1318-9805-8611EAB993E1} = {E9F10EE9-4C48-1318-9805-8611EAB993E1}
	EndProjectSection
EndProject
Project("{8BC9CEB8-8B4A-11D0-8D11-00A0C91BC942}") = "dedicated", "..\dedicated\dedicated.vcxproj", "{82428917-BD77-A141-417E-4AA2BE3B4A1F}"
	ProjectSection(ProjectDependencies) = postProject
		{594EF03D-BBB4-686D-146A-FC2D90BB547B} = {594EF03D-BBB4-686D-146A-FC2D90BB547B}
		{E111A095-261F-5674-6F8C-22A4E6A64595} = {E111A095-261F-5674-6F8C-22A4E6A64595}
		{F1134BB3-A921-6DA4-A222-BCFD828DED37} = {F1134BB3-A921-6DA4-A222-BCFD828DED37}
		{E9F10EE9-4C48-1318-9805-8611EAB993E1} = {E9F10EE9-4C48-1318-9805-8611EAB993E1}
	EndProjectSection
EndProject
Project("{8BC9CEB8-8B4A-11D0-8D11-00A0C91BC942}") = "worldcraft", "..\worldcraft\worldcraft.vcxproj", "{9AE42EED-215A-E709-AEA7-7A590D0D98AA}"
	ProjectSection(ProjectDependencies) = postProject
		{E111A095-261F-5674-6F8C-22A4E6A64595} = {E111A095-261F-5674-6F8C-22A4E6A64595}
		{F1134BB3-A921-6DA4-A222-BCFD828DED37} = {F1134BB3-A921-6DA4-A222-BCFD828DED37}
		{E9F10EE9-4C48-1318-9805-8611EAB993E1} = {E9F10EE9-4C48-1318-9805-8611EAB993E1}
	EndProjectSection
EndProject
Project("{8BC9CEB8-8B4A-11D0-8D11-00A0C91BC942}") = "hl_cstrike", "..\dlls\hl_cstrike.vcxproj", "{0F476F2C-D25A-FD3A-438A-C8C3F57DD91C}"
	ProjectSection(ProjectDependencies) = postProject
		{594EF03D-BBB4-686D-146A-FC2D90BB547B} = {594EF03D-BBB4-686D-146A-FC2D90BB547B}
		{E111A095-261F-5674-6F8C-22A4E6A64595} = {E111A095-261F-5674-6F8C-22A4E6A64595}
		{F1134BB3-A921-6DA4-A222-BCFD828DED37} = {F1134BB3-A921-6DA4-A222-BCFD828DED37}
	EndProjectSection
EndProject
Project("{8BC9CEB8-8B4A-11D0-8D11-00A0C91BC942}") = "hl_hl1", "..\dlls\hl_hl1.vcxproj", "{76F9CBC1-21DE-69CB-D0B1-2B576FED05E0}"
	ProjectSection(ProjectDependencies) = postProject
		{594EF03D-BBB4-686D-146A-FC2D90BB547B} = {594EF03D-BBB4-686D-146A-FC2D90BB547B}
		{E111A095-261F-5674-6F8C-22A4E6A64595} = {E111A095-261F-5674-6F8C-22A4E6A64595}
		{F1134BB3-A921-6DA4-A222-BCFD828DED37} = {F1134BB3-A921-6DA4-A222-BCFD828DED37}
	EndProjectSection
EndProject
Project("{8BC9CEB8-8B4A-11D0-8D11-00A0C91BC942}") = "hl_hl2", "..\dlls\hl_hl2.vcxproj", "{9090D6B1-8A2D-361A-647C-E58030A660A2}"
	ProjectSection(ProjectDependencies) = postProject
		{594EF03D-BBB4-686D-146A-FC2D90BB547B} = {594EF03D-BBB4-686D-146A-FC2D90BB547B}
		{E111A095-261F-5674-6F8C-22A4E6A64595} = {E111A095-261F-5674-6F8C-22A4E6A64595}
		{F1134BB3-A921-6DA4-A222-BCFD828DED37} = {F1134BB3-A921-6DA4-A222-BCFD828DED37}
	EndProjectSection
EndProject
Project("{8BC9CEB8-8B4A-11D0-8D11-00A0C91BC942}") = "hl_tf2", "..\dlls\hl_tf2.vcxproj", "{A2426212-A984-90B0-CE0D-9230958C30A9}"
	ProjectSection(ProjectDependencies) = postProject
		{594EF03D-BBB4-686D-146A-FC2D90BB547B} = {594EF03D-BBB4-686D-146A-FC2D90BB547B}
		{E111A095-261F-5674-6F8C-22A4E6A64595} = {E111A095-261F-5674-6F8C-22A4E6A64595}
		{F1134BB3-A921-6DA4-A222-BCFD828DED37} = {F1134BB3-A921-6DA4-A222-BCFD828DED37}
	EndProjectSection
EndProject
Project("{8BC9CEB8-8B4A-11D0-8D11-00A0C91BC942}") = "client_cstrike", "..\cl_dll\client_cstrike.vcxproj", "{9A42BE11-F864-2BB0-211A-BCABA9E65732}"
	ProjectSection(ProjectDependencies) = postProject
		{594EF03D-BBB4-686D-146A-FC2D90BB547B} = {594EF03D-BBB4-686D-146A-FC2D90BB547B}
		{C9CD593F-0321-7AFB-9DCC-A5EB07D2AE03} = {C9CD593F-0321-7AFB-9DCC-A5EB07D2AE03}
		{E111A095-261F-5674-6F8C-22A4E6A64595} = {E111A095-261F-5674-6F8C-22A4E6A64595}
		{F1134BB3-A921-6DA4-A222-BCFD828DED37} = {F1134BB3-A921-6DA4-A222-BCFD828DED37}
	EndProjectSection
EndProject
Project("{8BC9CEB8-8B4A-11D0-8D11-00A0C91BC942}") = "client_hl1", "..\cl_dll\client_hl1.vcxproj", "{0FABAF94-5519-CF65-D615-CE0185B5FE81}"
	ProjectSection(ProjectDependencies) = postProject
		{594EF03D-BBB4-686D-146A-FC2D90BB547B} = {594EF03D-BBB4-686D-146A-FC2D90BB547B}
		{E111A095-261F-5674-6F8C-22A4E6A64595} = {E111A095-261F-5674-6F8C-22A4E6A64595}
		{F1134BB3-A921-6DA4-A222-BCFD828DED37} = {F1134BB3-A921-6DA4-A222-BCFD828DED37}
	EndProjectSection
EndProject
Project("{8BC9CEB8-8B4A-11D0-8D11-00A0C91BC942}") = "client_hl2", "..\cl_dll\client_hl2.vcxproj", "{617ECE92-4E66-F3DD-C18B-39513747F8AC}"
EndProject
Project("{8BC9CEB8-8B4A-11D0-8D11-00A0C91BC942}") = "client_tf2", "..\cl_dll\client_tf2.vcxproj", "{D341445E-E886-F484-B547-41A6A1BE1C25}"
	ProjectSection(ProjectDependencies) = postProject
		{594EF03D-BBB4-686D-146A-FC2D90BB547B} = {594EF03D-BBB4-686D-146A-FC2D90BB547B}
		{E111A095-261F-5674-6F8C-22A4E6A64595} = {E111A095-261F-5674-6F8C-22A4E6A64595}
		{F1134BB3-A921-6DA4-A222-BCFD828DED37} = {F1134BB3-A921-6DA4-A222-BCFD828DED37}
	EndProjectSection
EndProject
Project("{8BC9CEB8-8B4A-11D0-8D11-00A0C91BC942}") = "launcher", "..\launcher\launcher.vcxproj", "{5BCEA1F7-8880-D3AA-39C4-217A2647D6C4}"
	ProjectSection(ProjectDependencies) = postProject
		{E111A095-261F-5674-6F8C-22A4E6A64595} = {E111A095-261F-5674-6F8C-22A4E6A64595}
		{F1134BB3-A921-6DA4-A222-BCFD828DED37} = {F1134BB3-A921-6DA4-A222-BCFD828DED37}
		{E9F10EE9-4C48-1318-9805-8611EAB993E1} = {E9F10EE9-4C48-1318-9805-8611EAB993E1}
	EndProjectSection
EndProject
Project("{8BC9CEB8-8B4A-11D0-8D11-00A0C91BC942}") = "launcher_main", "..\launcher_main\launcher_main.vcxproj", "{8BAE0CAF-CB90-50E4-A8D6-3667C97757F4}"
	ProjectSection(ProjectDependencies) = postProject
		{DC99BB82-D46E-1BE2-03E2-C335FB507F59} = {DC99BB82-D46E-1BE2-03E2-C335FB507F59}
	EndProjectSection
EndProject
Project("{8BC9CEB8-8B4A-11D0-8D11-00A0C91BC942}") = "game_controls", "..\vgui2\game_controls\game_controls.vcxproj", "{C9CD593F-0321-7AFB-9DCC-A5EB07D2AE03}"
EndProject
Project("{2150E333-8FDC-42A3-9474-1A3956D46DE8}") = "Main Projects", "Main Projects", "{055C5E1A-D8C2-451C-BAB4-6D7D9E27C813}"
EndProject
Project("{2150E333-8FDC-42A3-9474-1A3956D46DE8}") = "Side Projects", "Side Projects", "{F1FC333B-981E-4694-A5C5-FAAEA90927E5}"
EndProject
Project("{8BC9CEB8-8B4A-11D0-8D11-00A0C91BC942}") = "hlmaster", "..\master\hlmaster.vcxproj", "{86925440-6361-79A1-EA9E-1E838CBC0219}"
EndProject
Project("{8BC9CEB8-8B4A-11D0-8D11-00A0C91BC942}") = "master_console", "..\master_console\master_console.vcxproj", "{7BFDA583-8FA3-E222-D76D-B876B2C3B2F8}"
EndProject
Project("{8BC9CEB8-8B4A-11D0-8D11-00A0C91BC942}") = "Status", "..\status\Status.vcxproj", "{4CBB2C0D-7294-5DB4-812E-AE27A993BA1C}"
EndProject
Project("{2150E333-8FDC-42A3-9474-1A3956D46DE8}") = "HL2", "HL2", "{6BB2AE3C-22AA-47E0-9507-CC114C6BEF62}"
EndProject
Project("{2150E333-8FDC-42A3-9474-1A3956D46DE8}") = "TF2", "TF2", "{B3B59E8D-592E-4621-927B-2D7BECC44F19}"
EndProject
Project("{2150E333-8FDC-42A3-9474-1A3956D46DE8}") = "CounterStrike", "CounterStrike", "{B719359C-8566-4CE4-B325-B8D207C0849D}"
EndProject
Project("{2150E333-8FDC-42A3-9474-1A3956D46DE8}") = "HL1", "HL1", "{F1A0D6E5-9ACD-4D26-9148-B409EDC14DE3}"
EndProject
Project("{2150E333-8FDC-42A3-9474-1A3956D46DE8}") = "Utils", "Utils", "{28D880E2-1CFF-4383-9921-4CB61A1F660F}"
EndProject
Project("{2150E333-8FDC-42A3-9474-1A3956D46DE8}") = "Dependencies", "Dependencies", "{9598F263-B824-44AB-B166-7FA61DE574A4}"
EndProject
Project("{2150E333-8FDC-42A3-9474-1A3956D46DE8}") = "Physics", "Physics", "{6FFF9570-FF72-417A-97F9-129E2D54B5F0}"
EndProject
Project("{2150E333-8FDC-42A3-9474-1A3956D46DE8}") = "Games", "Games", "{F691EDA3-809C-4698-B538-F3090CC54765}"
EndProject
Project("{2150E333-8FDC-42A3-9474-1A3956D46DE8}") = "Engine Main", "Engine Main", "{6796142F-4AD3-491E-AC03-A53952903F0B}"
EndProject
Project("{2150E333-8FDC-42A3-9474-1A3956D46DE8}") = "Launcher", "Launcher", "{A4379DD4-DF30-474A-9B17-4508F885B3B6}"
EndProject
Project("{2150E333-8FDC-42A3-9474-1A3956D46DE8}") = "Shaders", "Shaders", "{B5A6D7FF-97D9-40F8-BD66-25B19169DDEF}"
EndProject
Project("{2150E333-8FDC-42A3-9474-1A3956D46DE8}") = "Games", "Games", "{28D35E23-32AF-42CB-8FAB-9F7473E7270E}"
EndProject
Project("{2150E333-8FDC-42A3-9474-1A3956D46DE8}") = "Tracker", "Tracker", "{ACC2543A-24AB-423B-9972-E001B240163C}"
EndProject
Project("{8BC9CEB8-8B4A-11D0-8D11-00A0C91BC942}") = "scratchpad3dviewer", "..\utils\scratchpad3dviewer\scratchpad3dviewer.vcxproj", "{3706442B-F30B-8D2E-E3ED-EFA7E374E7B3}"
EndProject
Project("{8BC9CEB8-8B4A-11D0-8D11-00A0C91BC942}") = "cardstats", "..\utils\videocardstats\cardstats.vcxproj", "{376855DD-B98E-A3E7-2B3F-BF9499A79EDD}"
EndProject
Project("{8BC9CEB8-8B4A-11D0-8D11-00A0C91BC942}") = "viewbump", "..\utils\viewbump\viewbump.vcxproj", "{ADED5CC7-3E8D-D1B0-1124-1EE2B0BB091F}"
EndProject
Project("{8BC9CEB8-8B4A-11D0-8D11-00A0C91BC942}") = "vmf_tweak", "..\utils\vmf_tweak\vmf_tweak.vcxproj", "{2309CD92-DB65-A2E2-47C7-61A120E55916}"
EndProject
Project("{8BC9CEB8-8B4A-11D0-8D11-00A0C91BC942}") = "vmapbuilder", "..\utils\vmapbuilder\vmapbuilder.vcxproj", "{F887111C-11C0-7337-0E6D-697AB549C488}"
EndProject
Project("{8BC9CEB8-8B4A-11D0-8D11-00A0C91BC942}") = "fwatch", "..\utils\vmapbuilder\fwatch\fwatch.vcxproj", "{60BBE129-7A21-0AE6-6B69-9DB9FD5DC9D3}"
EndProject
Project("{2150E333-8FDC-42A3-9474-1A3956D46DE8}") = "VMap Builder", "VMap Builder", "{10E89B79-3ED0-4A88-92DF-869FD09CEE3E}"
EndProject
Project("{8BC9CEB8-8B4A-11D0-8D11-00A0C91BC942}") = "entcount", "..\utils\entcount\entcount.vcxproj", "{E47EBB45-BAEA-2A71-AE9E-FE4E5DC72498}"
EndProject
Project("{8BC9CEB8-8B4A-11D0-8D11-00A0C91BC942}") = "printbones", "..\utils\printbones\printbones.vcxproj", "{631AB9AB-E9A7-DEC9-364E-5FBACFB86012}"
EndProject
Project("{8BC9CEB8-8B4A-11D0-8D11-00A0C91BC942}") = "mysql++", "..\utils\mysql\mysql++.vcxproj", "{07B537E5-ABA8-4053-A97B-82A2AD8B76FE}"
EndProject
Project("{8BC9CEB8-8B4A-11D0-8D11-00A0C91BC942}") = "sqldb_mysql", "..\Tracker\sqldb_mysql\sqldb_mysql.vcxproj", "{4E676B6B-CC6E-D4B0-38F4-F94D10E1801A}"
	ProjectSection(ProjectDependencies) = postProject
		{07B537E5-ABA8-4053-A97B-82A2AD8B76FE} = {07B537E5-ABA8-4053-A97B-82A2AD8B76FE}
	EndProjectSection
EndProject
Project("{8BC9CEB8-8B4A-11D0-8D11-00A0C91BC942}") = "TrackerDBG", "..\Tracker\TrackerDBG\TrackerDBG.vcxproj", "{BE2EAF81-BCDA-8D30-DDD1-6E8D042D0B1D}"
	ProjectSection(ProjectDependencies) = postProject
		{E111A095-261F-5674-6F8C-22A4E6A64595} = {E111A095-261F-5674-6F8C-22A4E6A64595}
		{F1134BB3-A921-6DA4-A222-BCFD828DED37} = {F1134BB3-A921-6DA4-A222-BCFD828DED37}
	EndProjectSection
EndProject
Project("{8BC9CEB8-8B4A-11D0-8D11-00A0C91BC942}") = "TrackerServer", "..\Tracker\TrackerServer\TrackerServer.vcxproj", "{60EF8F45-B1ED-D1CA-5390-453B0299AD4A}"
	ProjectSection(ProjectDependencies) = postProject
		{BE2EAF81-BCDA-8D30-DDD1-6E8D042D0B1D} = {BE2EAF81-BCDA-8D30-DDD1-6E8D042D0B1D}
		{E111A095-261F-5674-6F8C-22A4E6A64595} = {E111A095-261F-5674-6F8C-22A4E6A64595}
		{F1134BB3-A921-6DA4-A222-BCFD828DED37} = {F1134BB3-A921-6DA4-A222-BCFD828DED37}
		{F6BB2BC7-D3C8-B75A-7BE4-CEF26C4E9322} = {F6BB2BC7-D3C8-B75A-7BE4-CEF26C4E9322}
		{66228CE1-9860-06AA-6FBC-DF8B606A7E51} = {66228CE1-9860-06AA-6FBC-DF8B606A7E51}
	EndProjectSection
EndProject
Project("{8BC9CEB8-8B4A-11D0-8D11-00A0C91BC942}") = "TrackerSRV", "..\Tracker\TrackerSRV\TrackerSRV.vcxproj", "{66228CE1-9860-06AA-6FBC-DF8B606A7E51}"
	ProjectSection(ProjectDependencies) = postProject
		{4E676B6B-CC6E-D4B0-38F4-F94D10E1801A} = {4E676B6B-CC6E-D4B0-38F4-F94D10E1801A}
		{E111A095-261F-5674-6F8C-22A4E6A64595} = {E111A095-261F-5674-6F8C-22A4E6A64595}
		{F1134BB3-A921-6DA4-A222-BCFD828DED37} = {F1134BB3-A921-6DA4-A222-BCFD828DED37}
	EndProjectSection
EndProject
Project("{8BC9CEB8-8B4A-11D0-8D11-00A0C91BC942}") = "TrackerUI", "..\Tracker\TrackerUI\TrackerUI.vcxproj", "{9E41F5C7-593E-1E60-AAEE-3DE13FC43876}"
	ProjectSection(ProjectDependencies) = postProject
		{E111A095-261F-5674-6F8C-22A4E6A64595} = {E111A095-261F-5674-6F8C-22A4E6A64595}
		{F1134BB3-A921-6DA4-A222-BCFD828DED37} = {F1134BB3-A921-6DA4-A222-BCFD828DED37}
		{F6BB2BC7-D3C8-B75A-7BE4-CEF26C4E9322} = {F6BB2BC7-D3C8-B75A-7BE4-CEF26C4E9322}
	EndProjectSection
EndProject
Project("{8BC9CEB8-8B4A-11D0-8D11-00A0C91BC942}") = "TrackerNET", "..\Tracker\TrackerNET\TrackerNET.vcxproj", "{F6BB2BC7-D3C8-B75A-7BE4-CEF26C4E9322}"
	ProjectSection(ProjectDependencies) = postProject
		{E111A095-261F-5674-6F8C-22A4E6A64595} = {E111A095-261F-5674-6F8C-22A4E6A64595}
		{F1134BB3-A921-6DA4-A222-BCFD828DED37} = {F1134BB3-A921-6DA4-A222-BCFD828DED37}
	EndProjectSection
EndProject
Global
	GlobalSection(SolutionConfigurationPlatforms) = preSolution
		Debug|Win32 = Debug|Win32
		Release|Win32 = Release|Win32
		Template|Win32 = Template|Win32
	EndGlobalSection
	GlobalSection(ProjectConfigurationPlatforms) = postSolution
		{F1134BB3-A921-6DA4-A222-BCFD828DED37}.Debug|Win32.ActiveCfg = Debug|Win32
		{F1134BB3-A921-6DA4-A222-BCFD828DED37}.Debug|Win32.Build.0 = Debug|Win32
		{F1134BB3-A921-6DA4-A222-BCFD828DED37}.Release|Win32.ActiveCfg = Release|Win32
		{F1134BB3-A921-6DA4-A222-BCFD828DED37}.Release|Win32.Build.0 = Release|Win32
		{F1134BB3-A921-6DA4-A222-BCFD828DED37}.Template|Win32.ActiveCfg = Release|Win32
		{F1134BB3-A921-6DA4-A222-BCFD828DED37}.Template|Win32.Build.0 = Release|Win32
		{E111A095-261F-5674-6F8C-22A4E6A64595}.Debug|Win32.ActiveCfg = Debug|Win32
		{E111A095-261F-5674-6F8C-22A4E6A64595}.Debug|Win32.Build.0 = Debug|Win32
		{E111A095-261F-5674-6F8C-22A4E6A64595}.Release|Win32.ActiveCfg = Release|Win32
		{E111A095-261F-5674-6F8C-22A4E6A64595}.Release|Win32.Build.0 = Release|Win32
		{E111A095-261F-5674-6F8C-22A4E6A64595}.Template|Win32.ActiveCfg = Template|Win32
		{E111A095-261F-5674-6F8C-22A4E6A64595}.Template|Win32.Build.0 = Template|Win32
		{4DF3D1FC-39EB-1C0C-B6F8-0ED93E2FD3E2}.Debug|Win32.ActiveCfg = Debug|Win32
		{4DF3D1FC-39EB-1C0C-B6F8-0ED93E2FD3E2}.Debug|Win32.Build.0 = Debug|Win32
		{4DF3D1FC-39EB-1C0C-B6F8-0ED93E2FD3E2}.Release|Win32.ActiveCfg = Release|Win32
		{4DF3D1FC-39EB-1C0C-B6F8-0ED93E2FD3E2}.Release|Win32.Build.0 = Release|Win32
		{4DF3D1FC-39EB-1C0C-B6F8-0ED93E2FD3E2}.Template|Win32.ActiveCfg = Template|Win32
		{4DF3D1FC-39EB-1C0C-B6F8-0ED93E2FD3E2}.Template|Win32.Build.0 = Template|Win32
		{2B94CFDF-FC30-83DA-BB59-02631BC3FADE}.Debug|Win32.ActiveCfg = Debug|Win32
		{2B94CFDF-FC30-83DA-BB59-02631BC3FADE}.Debug|Win32.Build.0 = Debug|Win32
		{2B94CFDF-FC30-83DA-BB59-02631BC3FADE}.Release|Win32.ActiveCfg = Release|Win32
		{2B94CFDF-FC30-83DA-BB59-02631BC3FADE}.Release|Win32.Build.0 = Release|Win32
		{2B94CFDF-FC30-83DA-BB59-02631BC3FADE}.Template|Win32.ActiveCfg = Template|Win32
		{2B94CFDF-FC30-83DA-BB59-02631BC3FADE}.Template|Win32.Build.0 = Template|Win32
		{5E14D848-1877-0039-924D-32D61822E4F1}.Debug|Win32.ActiveCfg = Debug|Win32
		{5E14D848-1877-0039-924D-32D61822E4F1}.Debug|Win32.Build.0 = Debug|Win32
		{5E14D848-1877-0039-924D-32D61822E4F1}.Release|Win32.ActiveCfg = Release|Win32
		{5E14D848-1877-0039-924D-32D61822E4F1}.Release|Win32.Build.0 = Release|Win32
		{5E14D848-1877-0039-924D-32D61822E4F1}.Template|Win32.ActiveCfg = Template|Win32
		{5E14D848-1877-0039-924D-32D61822E4F1}.Template|Win32.Build.0 = Template|Win32
		{CEF22835-458C-9A8B-04D8-77F1A2FB7909}.Debug|Win32.ActiveCfg = Debug|Win32
		{CEF22835-458C-9A8B-04D8-77F1A2FB7909}.Debug|Win32.Build.0 = Debug|Win32
		{CEF22835-458C-9A8B-04D8-77F1A2FB7909}.Release|Win32.ActiveCfg = Release|Win32
		{CEF22835-458C-9A8B-04D8-77F1A2FB7909}.Release|Win32.Build.0 = Release|Win32
		{CEF22835-458C-9A8B-04D8-77F1A2FB7909}.Template|Win32.ActiveCfg = Template|Win32
		{CEF22835-458C-9A8B-04D8-77F1A2FB7909}.Template|Win32.Build.0 = Template|Win32
		{6A9BC407-C403-56E6-9DE1-400612E2B867}.Debug|Win32.ActiveCfg = Debug|Win32
		{6A9BC407-C403-56E6-9DE1-400612E2B867}.Debug|Win32.Build.0 = Debug|Win32
		{6A9BC407-C403-56E6-9DE1-400612E2B867}.Release|Win32.ActiveCfg = Release|Win32
		{6A9BC407-C403-56E6-9DE1-400612E2B867}.Release|Win32.Build.0 = Release|Win32
		{6A9BC407-C403-56E6-9DE1-400612E2B867}.Template|Win32.ActiveCfg = Template|Win32
		{6A9BC407-C403-56E6-9DE1-400612E2B867}.Template|Win32.Build.0 = Template|Win32
		{E501B13D-ECE4-E747-022B-93844FEC0B51}.Debug|Win32.ActiveCfg = Debug|Win32
		{E501B13D-ECE4-E747-022B-93844FEC0B51}.Debug|Win32.Build.0 = Debug|Win32
		{E501B13D-ECE4-E747-022B-93844FEC0B51}.Release|Win32.ActiveCfg = Release|Win32
		{E501B13D-ECE4-E747-022B-93844FEC0B51}.Release|Win32.Build.0 = Release|Win32
		{E501B13D-ECE4-E747-022B-93844FEC0B51}.Template|Win32.ActiveCfg = Template|Win32
		{E501B13D-ECE4-E747-022B-93844FEC0B51}.Template|Win32.Build.0 = Template|Win32
		{7B2B3252-295D-8829-DB7E-9EC8BFFFCE7C}.Debug|Win32.ActiveCfg = Debug|Win32
		{7B2B3252-295D-8829-DB7E-9EC8BFFFCE7C}.Debug|Win32.Build.0 = Debug|Win32
		{7B2B3252-295D-8829-DB7E-9EC8BFFFCE7C}.Release|Win32.ActiveCfg = Release|Win32
		{7B2B3252-295D-8829-DB7E-9EC8BFFFCE7C}.Release|Win32.Build.0 = Release|Win32
		{7B2B3252-295D-8829-DB7E-9EC8BFFFCE7C}.Template|Win32.ActiveCfg = Template|Win32
		{7B2B3252-295D-8829-DB7E-9EC8BFFFCE7C}.Template|Win32.Build.0 = Template|Win32
		{D3E087C1-0682-1AC1-E94F-B8A0CEFF51BC}.Debug|Win32.ActiveCfg = Debug|Win32
		{D3E087C1-0682-1AC1-E94F-B8A0CEFF51BC}.Debug|Win32.Build.0 = Debug|Win32
		{D3E087C1-0682-1AC1-E94F-B8A0CEFF51BC}.Release|Win32.ActiveCfg = Release|Win32
		{D3E087C1-0682-1AC1-E94F-B8A0CEFF51BC}.Release|Win32.Build.0 = Release|Win32
		{D3E087C1-0682-1AC1-E94F-B8A0CEFF51BC}.Template|Win32.ActiveCfg = Template|Win32
		{D3E087C1-0682-1AC1-E94F-B8A0CEFF51BC}.Template|Win32.Build.0 = Template|Win32
		{BEE035A4-31F4-90A8-A9B9-ADA157420E56}.Debug|Win32.ActiveCfg = Debug|Win32
		{BEE035A4-31F4-90A8-A9B9-ADA157420E56}.Debug|Win32.Build.0 = Debug|Win32
		{BEE035A4-31F4-90A8-A9B9-ADA157420E56}.Release|Win32.ActiveCfg = Release|Win32
		{BEE035A4-31F4-90A8-A9B9-ADA157420E56}.Release|Win32.Build.0 = Release|Win32
		{BEE035A4-31F4-90A8-A9B9-ADA157420E56}.Template|Win32.ActiveCfg = Template|Win32
		{BEE035A4-31F4-90A8-A9B9-ADA157420E56}.Template|Win32.Build.0 = Template|Win32
		{97CB3553-26E8-D38A-A7BA-3213DA743696}.Debug|Win32.ActiveCfg = Debug|Win32
		{97CB3553-26E8-D38A-A7BA-3213DA743696}.Debug|Win32.Build.0 = Debug|Win32
		{97CB3553-26E8-D38A-A7BA-3213DA743696}.Release|Win32.ActiveCfg = Release|Win32
		{97CB3553-26E8-D38A-A7BA-3213DA743696}.Release|Win32.Build.0 = Release|Win32
		{97CB3553-26E8-D38A-A7BA-3213DA743696}.Template|Win32.ActiveCfg = Template|Win32
		{97CB3553-26E8-D38A-A7BA-3213DA743696}.Template|Win32.Build.0 = Template|Win32
		{FF21A4C1-02B0-0A0E-392A-DA2EC043A449}.Debug|Win32.ActiveCfg = Debug|Win32
		{FF21A4C1-02B0-0A0E-392A-DA2EC043A449}.Debug|Win32.Build.0 = Debug|Win32
		{FF21A4C1-02B0-0A0E-392A-DA2EC043A449}.Release|Win32.ActiveCfg = Release|Win32
		{FF21A4C1-02B0-0A0E-392A-DA2EC043A449}.Release|Win32.Build.0 = Release|Win32
		{FF21A4C1-02B0-0A0E-392A-DA2EC043A449}.Template|Win32.ActiveCfg = Template|Win32
		{FF21A4C1-02B0-0A0E-392A-DA2EC043A449}.Template|Win32.Build.0 = Template|Win32
		{56CF4C26-1ED6-B001-2C88-D3B873B85EDB}.Debug|Win32.ActiveCfg = Debug|Win32
		{56CF4C26-1ED6-B001-2C88-D3B873B85EDB}.Debug|Win32.Build.0 = Debug|Win32
		{56CF4C26-1ED6-B001-2C88-D3B873B85EDB}.Release|Win32.ActiveCfg = Release|Win32
		{56CF4C26-1ED6-B001-2C88-D3B873B85EDB}.Release|Win32.Build.0 = Release|Win32
		{56CF4C26-1ED6-B001-2C88-D3B873B85EDB}.Template|Win32.ActiveCfg = Template|Win32
		{56CF4C26-1ED6-B001-2C88-D3B873B85EDB}.Template|Win32.Build.0 = Template|Win32
		{C7660E75-CBFB-F4E3-F6D0-CC6C5A47946F}.Debug|Win32.ActiveCfg = Debug|Win32
		{C7660E75-CBFB-F4E3-F6D0-CC6C5A47946F}.Debug|Win32.Build.0 = Debug|Win32
		{C7660E75-CBFB-F4E3-F6D0-CC6C5A47946F}.Release|Win32.ActiveCfg = Release|Win32
		{C7660E75-CBFB-F4E3-F6D0-CC6C5A47946F}.Release|Win32.Build.0 = Release|Win32
		{C7660E75-CBFB-F4E3-F6D0-CC6C5A47946F}.Template|Win32.ActiveCfg = Template|Win32
		{C7660E75-CBFB-F4E3-F6D0-CC6C5A47946F}.Template|Win32.Build.0 = Template|Win32
		{DD817C9C-6890-E7A3-A646-97CD2989133E}.Debug|Win32.ActiveCfg = Debug|Win32
		{DD817C9C-6890-E7A3-A646-97CD2989133E}.Debug|Win32.Build.0 = Debug|Win32
		{DD817C9C-6890-E7A3-A646-97CD2989133E}.Release|Win32.ActiveCfg = Release|Win32
		{DD817C9C-6890-E7A3-A646-97CD2989133E}.Release|Win32.Build.0 = Release|Win32
		{DD817C9C-6890-E7A3-A646-97CD2989133E}.Template|Win32.ActiveCfg = Template|Win32
		{DD817C9C-6890-E7A3-A646-97CD2989133E}.Template|Win32.Build.0 = Template|Win32
		{E5BBAABB-1584-AF06-9079-B2B1A3D16687}.Debug|Win32.ActiveCfg = Debug|Win32
		{E5BBAABB-1584-AF06-9079-B2B1A3D16687}.Debug|Win32.Build.0 = Debug|Win32
		{E5BBAABB-1584-AF06-9079-B2B1A3D16687}.Release|Win32.ActiveCfg = Release|Win32
		{E5BBAABB-1584-AF06-9079-B2B1A3D16687}.Release|Win32.Build.0 = Release|Win32
		{E5BBAABB-1584-AF06-9079-B2B1A3D16687}.Template|Win32.ActiveCfg = Template|Win32
		{E5BBAABB-1584-AF06-9079-B2B1A3D16687}.Template|Win32.Build.0 = Template|Win32
		{36B54392-1B80-3459-9F95-6F23FEEBB415}.Debug|Win32.ActiveCfg = Debug|Win32
		{36B54392-1B80-3459-9F95-6F23FEEBB415}.Debug|Win32.Build.0 = Debug|Win32
		{36B54392-1B80-3459-9F95-6F23FEEBB415}.Release|Win32.ActiveCfg = Release|Win32
		{36B54392-1B80-3459-9F95-6F23FEEBB415}.Release|Win32.Build.0 = Release|Win32
		{36B54392-1B80-3459-9F95-6F23FEEBB415}.Template|Win32.ActiveCfg = Template|Win32
		{36B54392-1B80-3459-9F95-6F23FEEBB415}.Template|Win32.Build.0 = Template|Win32
		{396E3024-7579-85FA-191A-6E6EEA97556C}.Debug|Win32.ActiveCfg = Debug|Win32
		{396E3024-7579-85FA-191A-6E6EEA97556C}.Debug|Win32.Build.0 = Debug|Win32
		{396E3024-7579-85FA-191A-6E6EEA97556C}.Release|Win32.ActiveCfg = Release|Win32
		{396E3024-7579-85FA-191A-6E6EEA97556C}.Release|Win32.Build.0 = Release|Win32
		{396E3024-7579-85FA-191A-6E6EEA97556C}.Template|Win32.ActiveCfg = Template|Win32
		{396E3024-7579-85FA-191A-6E6EEA97556C}.Template|Win32.Build.0 = Template|Win32
		{435397A9-2B48-3F33-296F-A1AB64D39A20}.Debug|Win32.ActiveCfg = Debug|Win32
		{435397A9-2B48-3F33-296F-A1AB64D39A20}.Debug|Win32.Build.0 = Debug|Win32
		{435397A9-2B48-3F33-296F-A1AB64D39A20}.Release|Win32.ActiveCfg = Release|Win32
		{435397A9-2B48-3F33-296F-A1AB64D39A20}.Release|Win32.Build.0 = Release|Win32
		{435397A9-2B48-3F33-296F-A1AB64D39A20}.Template|Win32.ActiveCfg = Template|Win32
		{435397A9-2B48-3F33-296F-A1AB64D39A20}.Template|Win32.Build.0 = Template|Win32
		{594EF03D-BBB4-686D-146A-FC2D90BB547B}.Debug|Win32.ActiveCfg = Debug|Win32
		{594EF03D-BBB4-686D-146A-FC2D90BB547B}.Debug|Win32.Build.0 = Debug|Win32
		{594EF03D-BBB4-686D-146A-FC2D90BB547B}.Release|Win32.ActiveCfg = Release|Win32
		{594EF03D-BBB4-686D-146A-FC2D90BB547B}.Release|Win32.Build.0 = Release|Win32
		{594EF03D-BBB4-686D-146A-FC2D90BB547B}.Template|Win32.ActiveCfg = Template|Win32
		{594EF03D-BBB4-686D-146A-FC2D90BB547B}.Template|Win32.Build.0 = Template|Win32
		{71670153-D321-14AF-7021-6108BE646F24}.Debug|Win32.ActiveCfg = Debug|Win32
		{71670153-D321-14AF-7021-6108BE646F24}.Debug|Win32.Build.0 = Debug|Win32
		{71670153-D321-14AF-7021-6108BE646F24}.Release|Win32.ActiveCfg = Release|Win32
		{71670153-D321-14AF-7021-6108BE646F24}.Release|Win32.Build.0 = Release|Win32
		{71670153-D321-14AF-7021-6108BE646F24}.Template|Win32.ActiveCfg = Template|Win32
		{71670153-D321-14AF-7021-6108BE646F24}.Template|Win32.Build.0 = Template|Win32
		{86ED28C4-55E3-77CE-FF40-EA468302878C}.Debug|Win32.ActiveCfg = Debug|Win32
		{86ED28C4-55E3-77CE-FF40-EA468302878C}.Debug|Win32.Build.0 = Debug|Win32
		{86ED28C4-55E3-77CE-FF40-EA468302878C}.Release|Win32.ActiveCfg = Release|Win32
		{86ED28C4-55E3-77CE-FF40-EA468302878C}.Release|Win32.Build.0 = Release|Win32
		{86ED28C4-55E3-77CE-FF40-EA468302878C}.Template|Win32.ActiveCfg = Template|Win32
		{86ED28C4-55E3-77CE-FF40-EA468302878C}.Template|Win32.Build.0 = Template|Win32
		{8E1CB521-9F4C-9DDE-F3DE-09896A7BE264}.Debug|Win32.ActiveCfg = Debug|Win32
		{8E1CB521-9F4C-9DDE-F3DE-09896A7BE264}.Debug|Win32.Build.0 = Debug|Win32
		{8E1CB521-9F4C-9DDE-F3DE-09896A7BE264}.Release|Win32.ActiveCfg = Release|Win32
		{8E1CB521-9F4C-9DDE-F3DE-09896A7BE264}.Release|Win32.Build.0 = Release|Win32
		{8E1CB521-9F4C-9DDE-F3DE-09896A7BE264}.Template|Win32.ActiveCfg = Template|Win32
		{8E1CB521-9F4C-9DDE-F3DE-09896A7BE264}.Template|Win32.Build.0 = Template|Win32
		{EFC15B14-631B-A74E-036A-F9DA1FAE7206}.Debug|Win32.ActiveCfg = Debug|Win32
		{EFC15B14-631B-A74E-036A-F9DA1FAE7206}.Debug|Win32.Build.0 = Debug|Win32
		{EFC15B14-631B-A74E-036A-F9DA1FAE7206}.Release|Win32.ActiveCfg = Release|Win32
		{EFC15B14-631B-A74E-036A-F9DA1FAE7206}.Release|Win32.Build.0 = Release|Win32
		{EFC15B14-631B-A74E-036A-F9DA1FAE7206}.Template|Win32.ActiveCfg = Template|Win32
		{EFC15B14-631B-A74E-036A-F9DA1FAE7206}.Template|Win32.Build.0 = Template|Win32
		{E9F10EE9-4C48-1318-9805-8611EAB993E1}.Debug|Win32.ActiveCfg = Debug|Win32
		{E9F10EE9-4C48-1318-9805-8611EAB993E1}.Debug|Win32.Build.0 = Debug|Win32
		{E9F10EE9-4C48-1318-9805-8611EAB993E1}.Release|Win32.ActiveCfg = Release|Win32
		{E9F10EE9-4C48-1318-9805-8611EAB993E1}.Release|Win32.Build.0 = Release|Win32
		{E9F10EE9-4C48-1318-9805-8611EAB993E1}.Template|Win32.ActiveCfg = Template|Win32
		{E9F10EE9-4C48-1318-9805-8611EAB993E1}.Template|Win32.Build.0 = Template|Win32
		{02015535-A161-70C0-2A13-18ED4BE654CE}.Debug|Win32.ActiveCfg = Debug|Win32
		{02015535-A161-70C0-2A13-18ED4BE654CE}.Debug|Win32.Build.0 = Debug|Win32
		{02015535-A161-70C0-2A13-18ED4BE654CE}.Release|Win32.ActiveCfg = Release|Win32
		{02015535-A161-70C0-2A13-18ED4BE654CE}.Release|Win32.Build.0 = Release|Win32
		{02015535-A161-70C0-2A13-18ED4BE654CE}.Template|Win32.ActiveCfg = Template|Win32
		{02015535-A161-70C0-2A13-18ED4BE654CE}.Template|Win32.Build.0 = Template|Win32
		{D031EF9D-54FF-86B7-62AE-94D71C225A90}.Debug|Win32.ActiveCfg = Debug|Win32
		{D031EF9D-54FF-86B7-62AE-94D71C225A90}.Debug|Win32.Build.0 = Debug|Win32
		{D031EF9D-54FF-86B7-62AE-94D71C225A90}.Release|Win32.ActiveCfg = Release|Win32
		{D031EF9D-54FF-86B7-62AE-94D71C225A90}.Release|Win32.Build.0 = Release|Win32
		{D031EF9D-54FF-86B7-62AE-94D71C225A90}.Template|Win32.ActiveCfg = Template|Win32
		{D031EF9D-54FF-86B7-62AE-94D71C225A90}.Template|Win32.Build.0 = Template|Win32
		{21BB346F-B209-7E9A-E9B1-9503124CB7FA}.Debug|Win32.ActiveCfg = Debug|Win32
		{21BB346F-B209-7E9A-E9B1-9503124CB7FA}.Debug|Win32.Build.0 = Debug|Win32
		{21BB346F-B209-7E9A-E9B1-9503124CB7FA}.Release|Win32.ActiveCfg = Release|Win32
		{21BB346F-B209-7E9A-E9B1-9503124CB7FA}.Release|Win32.Build.0 = Release|Win32
		{21BB346F-B209-7E9A-E9B1-9503124CB7FA}.Template|Win32.ActiveCfg = Template|Win32
		{21BB346F-B209-7E9A-E9B1-9503124CB7FA}.Template|Win32.Build.0 = Template|Win32
		{723914EE-4C2B-929A-95BC-77A90EC584A6}.Debug|Win32.ActiveCfg = Debug|Win32
		{723914EE-4C2B-929A-95BC-77A90EC584A6}.Debug|Win32.Build.0 = Debug|Win32
		{723914EE-4C2B-929A-95BC-77A90EC584A6}.Release|Win32.ActiveCfg = Release|Win32
		{723914EE-4C2B-929A-95BC-77A90EC584A6}.Release|Win32.Build.0 = Release|Win32
		{723914EE-4C2B-929A-95BC-77A90EC584A6}.Template|Win32.ActiveCfg = Template|Win32
		{723914EE-4C2B-929A-95BC-77A90EC584A6}.Template|Win32.Build.0 = Template|Win32
		{39135441-0A83-64C5-CDB5-1983C408B613}.Debug|Win32.ActiveCfg = Debug|Win32
		{39135441-0A83-64C5-CDB5-1983C408B613}.Debug|Win32.Build.0 = Debug|Win32
		{39135441-0A83-64C5-CDB5-1983C408B613}.Release|Win32.ActiveCfg = Release|Win32
		{39135441-0A83-64C5-CDB5-1983C408B613}.Release|Win32.Build.0 = Release|Win32
		{39135441-0A83-64C5-CDB5-1983C408B613}.Template|Win32.ActiveCfg = Release|Win32
		{39135441-0A83-64C5-CDB5-1983C408B613}.Template|Win32.Build.0 = Release|Win32
		{793A2784-E27D-6FA6-EB5F-370C428CEB09}.Debug|Win32.ActiveCfg = Debug|Win32
		{793A2784-E27D-6FA6-EB5F-370C428CEB09}.Debug|Win32.Build.0 = Debug|Win32
		{793A2784-E27D-6FA6-EB5F-370C428CEB09}.Release|Win32.ActiveCfg = Release|Win32
		{793A2784-E27D-6FA6-EB5F-370C428CEB09}.Release|Win32.Build.0 = Release|Win32
		{793A2784-E27D-6FA6-EB5F-370C428CEB09}.Template|Win32.ActiveCfg = Template|Win32
		{793A2784-E27D-6FA6-EB5F-370C428CEB09}.Template|Win32.Build.0 = Template|Win32
		{643DDA11-C581-9A56-4D02-95E1F6451B2E}.Debug|Win32.ActiveCfg = Debug|Win32
		{643DDA11-C581-9A56-4D02-95E1F6451B2E}.Debug|Win32.Build.0 = Debug|Win32
		{643DDA11-C581-9A56-4D02-95E1F6451B2E}.Release|Win32.ActiveCfg = Release|Win32
		{643DDA11-C581-9A56-4D02-95E1F6451B2E}.Release|Win32.Build.0 = Release|Win32
		{643DDA11-C581-9A56-4D02-95E1F6451B2E}.Template|Win32.ActiveCfg = Release|Win32
		{643DDA11-C581-9A56-4D02-95E1F6451B2E}.Template|Win32.Build.0 = Release|Win32
		{46F87922-DA96-0359-161B-AEE56EB5804F}.Debug|Win32.ActiveCfg = Debug|Win32
		{46F87922-DA96-0359-161B-AEE56EB5804F}.Debug|Win32.Build.0 = Debug|Win32
		{46F87922-DA96-0359-161B-AEE56EB5804F}.Release|Win32.ActiveCfg = Release|Win32
		{46F87922-DA96-0359-161B-AEE56EB5804F}.Release|Win32.Build.0 = Release|Win32
		{46F87922-DA96-0359-161B-AEE56EB5804F}.Template|Win32.ActiveCfg = Template|Win32
		{46F87922-DA96-0359-161B-AEE56EB5804F}.Template|Win32.Build.0 = Template|Win32
		{A3152FAE-ABBC-930C-EF8A-31949C54EE01}.Debug|Win32.ActiveCfg = Debug|Win32
		{A3152FAE-ABBC-930C-EF8A-31949C54EE01}.Debug|Win32.Build.0 = Debug|Win32
		{A3152FAE-ABBC-930C-EF8A-31949C54EE01}.Release|Win32.ActiveCfg = Release|Win32
		{A3152FAE-ABBC-930C-EF8A-31949C54EE01}.Release|Win32.Build.0 = Release|Win32
		{A3152FAE-ABBC-930C-EF8A-31949C54EE01}.Template|Win32.ActiveCfg = Template|Win32
		{A3152FAE-ABBC-930C-EF8A-31949C54EE01}.Template|Win32.Build.0 = Template|Win32
		{5507687C-B9A6-1919-23C3-9F5C6780CCA0}.Debug|Win32.ActiveCfg = Debug|Win32
		{5507687C-B9A6-1919-23C3-9F5C6780CCA0}.Debug|Win32.Build.0 = Debug|Win32
		{5507687C-B9A6-1919-23C3-9F5C6780CCA0}.Release|Win32.ActiveCfg = Release|Win32
		{5507687C-B9A6-1919-23C3-9F5C6780CCA0}.Release|Win32.Build.0 = Release|Win32
		{5507687C-B9A6-1919-23C3-9F5C6780CCA0}.Template|Win32.ActiveCfg = Template|Win32
		{5507687C-B9A6-1919-23C3-9F5C6780CCA0}.Template|Win32.Build.0 = Template|Win32
		{50D22775-A0DC-F9BC-7188-2036C8F0B726}.Debug|Win32.ActiveCfg = Debug|Win32
		{50D22775-A0DC-F9BC-7188-2036C8F0B726}.Debug|Win32.Build.0 = Debug|Win32
		{50D22775-A0DC-F9BC-7188-2036C8F0B726}.Release|Win32.ActiveCfg = Release|Win32
		{50D22775-A0DC-F9BC-7188-2036C8F0B726}.Release|Win32.Build.0 = Release|Win32
		{50D22775-A0DC-F9BC-7188-2036C8F0B726}.Template|Win32.ActiveCfg = Template|Win32
		{50D22775-A0DC-F9BC-7188-2036C8F0B726}.Template|Win32.Build.0 = Template|Win32
		{1652E2EE-5279-A9B6-022D-06080ED87F45}.Debug|Win32.ActiveCfg = Debug|Win32
		{1652E2EE-5279-A9B6-022D-06080ED87F45}.Debug|Win32.Build.0 = Debug|Win32
		{1652E2EE-5279-A9B6-022D-06080ED87F45}.Release|Win32.ActiveCfg = Release|Win32
		{1652E2EE-5279-A9B6-022D-06080ED87F45}.Release|Win32.Build.0 = Release|Win32
		{1652E2EE-5279-A9B6-022D-06080ED87F45}.Template|Win32.ActiveCfg = Template|Win32
		{1652E2EE-5279-A9B6-022D-06080ED87F45}.Template|Win32.Build.0 = Template|Win32
		{865C9ED1-18A0-FEF6-429F-B164ACB6CB5F}.Debug|Win32.ActiveCfg = Debug|Win32
		{865C9ED1-18A0-FEF6-429F-B164ACB6CB5F}.Debug|Win32.Build.0 = Debug|Win32
		{865C9ED1-18A0-FEF6-429F-B164ACB6CB5F}.Release|Win32.ActiveCfg = Release|Win32
		{865C9ED1-18A0-FEF6-429F-B164ACB6CB5F}.Release|Win32.Build.0 = Release|Win32
		{865C9ED1-18A0-FEF6-429F-B164ACB6CB5F}.Template|Win32.ActiveCfg = Template|Win32
		{865C9ED1-18A0-FEF6-429F-B164ACB6CB5F}.Template|Win32.Build.0 = Template|Win32
		{C0C8C2AE-6E3A-9055-2F78-8800E9084933}.Debug|Win32.ActiveCfg = Debug|Win32
		{C0C8C2AE-6E3A-9055-2F78-8800E9084933}.Debug|Win32.Build.0 = Debug|Win32
		{C0C8C2AE-6E3A-9055-2F78-8800E9084933}.Release|Win32.ActiveCfg = Release|Win32
		{C0C8C2AE-6E3A-9055-2F78-8800E9084933}.Release|Win32.Build.0 = Release|Win32
		{C0C8C2AE-6E3A-9055-2F78-8800E9084933}.Template|Win32.ActiveCfg = Template|Win32
		{C0C8C2AE-6E3A-9055-2F78-8800E9084933}.Template|Win32.Build.0 = Template|Win32
		{60BCD466-1C8C-96C1-61D6-B56CF01F2E4D}.Debug|Win32.ActiveCfg = Debug|Win32
		{60BCD466-1C8C-96C1-61D6-B56CF01F2E4D}.Debug|Win32.Build.0 = Debug|Win32
		{60BCD466-1C8C-96C1-61D6-B56CF01F2E4D}.Release|Win32.ActiveCfg = Release|Win32
		{60BCD466-1C8C-96C1-61D6-B56CF01F2E4D}.Release|Win32.Build.0 = Release|Win32
		{60BCD466-1C8C-96C1-61D6-B56CF01F2E4D}.Template|Win32.ActiveCfg = Template|Win32
		{60BCD466-1C8C-96C1-61D6-B56CF01F2E4D}.Template|Win32.Build.0 = Template|Win32
		{833B84E1-C728-2B8D-B955-56CE1C93775D}.Debug|Win32.ActiveCfg = Debug|Win32
		{833B84E1-C728-2B8D-B955-56CE1C93775D}.Debug|Win32.Build.0 = Debug|Win32
		{833B84E1-C728-2B8D-B955-56CE1C93775D}.Release|Win32.ActiveCfg = Release|Win32
		{833B84E1-C728-2B8D-B955-56CE1C93775D}.Release|Win32.Build.0 = Release|Win32
		{833B84E1-C728-2B8D-B955-56CE1C93775D}.Template|Win32.ActiveCfg = Template|Win32
		{833B84E1-C728-2B8D-B955-56CE1C93775D}.Template|Win32.Build.0 = Template|Win32
		{30A37F70-C377-D5D6-0603-C1055B3FF899}.Debug|Win32.ActiveCfg = Debug|Win32
		{30A37F70-C377-D5D6-0603-C1055B3FF899}.Debug|Win32.Build.0 = Debug|Win32
		{30A37F70-C377-D5D6-0603-C1055B3FF899}.Release|Win32.ActiveCfg = Release|Win32
		{30A37F70-C377-D5D6-0603-C1055B3FF899}.Release|Win32.Build.0 = Release|Win32
		{30A37F70-C377-D5D6-0603-C1055B3FF899}.Template|Win32.ActiveCfg = Template|Win32
		{30A37F70-C377-D5D6-0603-C1055B3FF899}.Template|Win32.Build.0 = Template|Win32
		{B3D88FF3-87B8-BBEA-4EDE-C89E6739F5F7}.Debug|Win32.ActiveCfg = Debug|Win32
		{B3D88FF3-87B8-BBEA-4EDE-C89E6739F5F7}.Debug|Win32.Build.0 = Debug|Win32
		{B3D88FF3-87B8-BBEA-4EDE-C89E6739F5F7}.Release|Win32.ActiveCfg = Release|Win32
		{B3D88FF3-87B8-BBEA-4EDE-C89E6739F5F7}.Release|Win32.Build.0 = Release|Win32
		{B3D88FF3-87B8-BBEA-4EDE-C89E6739F5F7}.Template|Win32.ActiveCfg = Template|Win32
		{B3D88FF3-87B8-BBEA-4EDE-C89E6739F5F7}.Template|Win32.Build.0 = Template|Win32
		{C6CC5496-25F0-BD1E-3395-4DD0444DF5F2}.Debug|Win32.ActiveCfg = Debug|Win32
		{C6CC5496-25F0-BD1E-3395-4DD0444DF5F2}.Debug|Win32.Build.0 = Debug|Win32
		{C6CC5496-25F0-BD1E-3395-4DD0444DF5F2}.Release|Win32.ActiveCfg = Debug|Win32
		{C6CC5496-25F0-BD1E-3395-4DD0444DF5F2}.Release|Win32.Build.0 = Debug|Win32
		{C6CC5496-25F0-BD1E-3395-4DD0444DF5F2}.Template|Win32.ActiveCfg = Template|Win32
		{C6CC5496-25F0-BD1E-3395-4DD0444DF5F2}.Template|Win32.Build.0 = Template|Win32
		{89CB3BBD-F413-8C24-9AEA-28D1B9CED62A}.Debug|Win32.ActiveCfg = Debug|Win32
		{89CB3BBD-F413-8C24-9AEA-28D1B9CED62A}.Debug|Win32.Build.0 = Debug|Win32
		{89CB3BBD-F413-8C24-9AEA-28D1B9CED62A}.Release|Win32.ActiveCfg = Release|Win32
		{89CB3BBD-F413-8C24-9AEA-28D1B9CED62A}.Release|Win32.Build.0 = Release|Win32
		{89CB3BBD-F413-8C24-9AEA-28D1B9CED62A}.Template|Win32.ActiveCfg = Template|Win32
		{89CB3BBD-F413-8C24-9AEA-28D1B9CED62A}.Template|Win32.Build.0 = Template|Win32
		{DC99BB82-D46E-1BE2-03E2-C335FB507F59}.Debug|Win32.ActiveCfg = Debug|Win32
		{DC99BB82-D46E-1BE2-03E2-C335FB507F59}.Debug|Win32.Build.0 = Debug|Win32
		{DC99BB82-D46E-1BE2-03E2-C335FB507F59}.Release|Win32.ActiveCfg = Release|Win32
		{DC99BB82-D46E-1BE2-03E2-C335FB507F59}.Release|Win32.Build.0 = Release|Win32
		{DC99BB82-D46E-1BE2-03E2-C335FB507F59}.Template|Win32.ActiveCfg = Template|Win32
		{DC99BB82-D46E-1BE2-03E2-C335FB507F59}.Template|Win32.Build.0 = Template|Win32
		{612F4C50-386E-F6E0-8E60-D22472B5B2BD}.Debug|Win32.ActiveCfg = Debug|Win32
		{612F4C50-386E-F6E0-8E60-D22472B5B2BD}.Debug|Win32.Build.0 = Debug|Win32
		{612F4C50-386E-F6E0-8E60-D22472B5B2BD}.Release|Win32.ActiveCfg = Release|Win32
		{612F4C50-386E-F6E0-8E60-D22472B5B2BD}.Release|Win32.Build.0 = Release|Win32
		{612F4C50-386E-F6E0-8E60-D22472B5B2BD}.Template|Win32.ActiveCfg = Template|Win32
		{612F4C50-386E-F6E0-8E60-D22472B5B2BD}.Template|Win32.Build.0 = Template|Win32
		{253D12A5-25D8-FF44-4FD5-D9846F8DF5AE}.Debug|Win32.ActiveCfg = Debug|Win32
		{253D12A5-25D8-FF44-4FD5-D9846F8DF5AE}.Debug|Win32.Build.0 = Debug|Win32
		{253D12A5-25D8-FF44-4FD5-D9846F8DF5AE}.Release|Win32.ActiveCfg = Release|Win32
		{253D12A5-25D8-FF44-4FD5-D9846F8DF5AE}.Release|Win32.Build.0 = Release|Win32
		{253D12A5-25D8-FF44-4FD5-D9846F8DF5AE}.Template|Win32.ActiveCfg = Template|Win32
		{253D12A5-25D8-FF44-4FD5-D9846F8DF5AE}.Template|Win32.Build.0 = Template|Win32
		{CA4A58E8-916E-21A6-008E-FE41ED926DE7}.Debug|Win32.ActiveCfg = Debug|Win32
		{CA4A58E8-916E-21A6-008E-FE41ED926DE7}.Debug|Win32.Build.0 = Debug|Win32
		{CA4A58E8-916E-21A6-008E-FE41ED926DE7}.Release|Win32.ActiveCfg = Release|Win32
		{CA4A58E8-916E-21A6-008E-FE41ED926DE7}.Release|Win32.Build.0 = Release|Win32
		{CA4A58E8-916E-21A6-008E-FE41ED926DE7}.Template|Win32.ActiveCfg = Template|Win32
		{CA4A58E8-916E-21A6-008E-FE41ED926DE7}.Template|Win32.Build.0 = Template|Win32
		{DA35731C-FA3B-39F1-2F5B-EDA72C143ABF}.Debug|Win32.ActiveCfg = Debug|Win32
		{DA35731C-FA3B-39F1-2F5B-EDA72C143ABF}.Debug|Win32.Build.0 = Debug|Win32
		{DA35731C-FA3B-39F1-2F5B-EDA72C143ABF}.Release|Win32.ActiveCfg = Release|Win32
		{DA35731C-FA3B-39F1-2F5B-EDA72C143ABF}.Release|Win32.Build.0 = Release|Win32
		{DA35731C-FA3B-39F1-2F5B-EDA72C143ABF}.Template|Win32.ActiveCfg = Template|Win32
		{DA35731C-FA3B-39F1-2F5B-EDA72C143ABF}.Template|Win32.Build.0 = Template|Win32
		{BB8D11D8-ACAD-858B-0903-A9D790B0B416}.Debug|Win32.ActiveCfg = Debug|Win32
		{BB8D11D8-ACAD-858B-0903-A9D790B0B416}.Debug|Win32.Build.0 = Debug|Win32
		{BB8D11D8-ACAD-858B-0903-A9D790B0B416}.Release|Win32.ActiveCfg = Release|Win32
		{BB8D11D8-ACAD-858B-0903-A9D790B0B416}.Release|Win32.Build.0 = Release|Win32
		{BB8D11D8-ACAD-858B-0903-A9D790B0B416}.Template|Win32.ActiveCfg = Template|Win32
		{BB8D11D8-ACAD-858B-0903-A9D790B0B416}.Template|Win32.Build.0 = Template|Win32
		{D402C599-DDDC-0560-A938-E062DF060A4C}.Debug|Win32.ActiveCfg = Debug|Win32
		{D402C599-DDDC-0560-A938-E062DF060A4C}.Debug|Win32.Build.0 = Debug|Win32
		{D402C599-DDDC-0560-A938-E062DF060A4C}.Release|Win32.ActiveCfg = Release|Win32
		{D402C599-DDDC-0560-A938-E062DF060A4C}.Release|Win32.Build.0 = Release|Win32
		{D402C599-DDDC-0560-A938-E062DF060A4C}.Template|Win32.ActiveCfg = Template|Win32
		{D402C599-DDDC-0560-A938-E062DF060A4C}.Template|Win32.Build.0 = Template|Win32
		{5ADCA5D5-0C6F-0C1A-6A3D-AFA8E68CB9C1}.Debug|Win32.ActiveCfg = Debug|Win32
		{5ADCA5D5-0C6F-0C1A-6A3D-AFA8E68CB9C1}.Debug|Win32.Build.0 = Debug|Win32
		{5ADCA5D5-0C6F-0C1A-6A3D-AFA8E68CB9C1}.Release|Win32.ActiveCfg = Release|Win32
		{5ADCA5D5-0C6F-0C1A-6A3D-AFA8E68CB9C1}.Release|Win32.Build.0 = Release|Win32
		{5ADCA5D5-0C6F-0C1A-6A3D-AFA8E68CB9C1}.Template|Win32.ActiveCfg = Template|Win32
		{5ADCA5D5-0C6F-0C1A-6A3D-AFA8E68CB9C1}.Template|Win32.Build.0 = Template|Win32
		{5DA0256C-CE09-E06F-10F0-14939DB0A84A}.Debug|Win32.ActiveCfg = Debug|Win32
		{5DA0256C-CE09-E06F-10F0-14939DB0A84A}.Debug|Win32.Build.0 = Debug|Win32
		{5DA0256C-CE09-E06F-10F0-14939DB0A84A}.Release|Win32.ActiveCfg = Release|Win32
		{5DA0256C-CE09-E06F-10F0-14939DB0A84A}.Release|Win32.Build.0 = Release|Win32
		{5DA0256C-CE09-E06F-10F0-14939DB0A84A}.Template|Win32.ActiveCfg = Template|Win32
		{5DA0256C-CE09-E06F-10F0-14939DB0A84A}.Template|Win32.Build.0 = Template|Win32
		{B562E0D1-2DD8-9DB0-6E48-FE100C32383D}.Debug|Win32.ActiveCfg = Debug|Win32
		{B562E0D1-2DD8-9DB0-6E48-FE100C32383D}.Debug|Win32.Build.0 = Debug|Win32
		{B562E0D1-2DD8-9DB0-6E48-FE100C32383D}.Release|Win32.ActiveCfg = Release|Win32
		{B562E0D1-2DD8-9DB0-6E48-FE100C32383D}.Release|Win32.Build.0 = Release|Win32
		{B562E0D1-2DD8-9DB0-6E48-FE100C32383D}.Template|Win32.ActiveCfg = Release|Win32
		{B562E0D1-2DD8-9DB0-6E48-FE100C32383D}.Template|Win32.Build.0 = Release|Win32
		{82428917-BD77-A141-417E-4AA2BE3B4A1F}.Debug|Win32.ActiveCfg = Debug|Win32
		{82428917-BD77-A141-417E-4AA2BE3B4A1F}.Debug|Win32.Build.0 = Debug|Win32
		{82428917-BD77-A141-417E-4AA2BE3B4A1F}.Release|Win32.ActiveCfg = Release|Win32
		{82428917-BD77-A141-417E-4AA2BE3B4A1F}.Release|Win32.Build.0 = Release|Win32
		{82428917-BD77-A141-417E-4AA2BE3B4A1F}.Template|Win32.ActiveCfg = Template|Win32
		{82428917-BD77-A141-417E-4AA2BE3B4A1F}.Template|Win32.Build.0 = Template|Win32
		{9AE42EED-215A-E709-AEA7-7A590D0D98AA}.Debug|Win32.ActiveCfg = Debug|Win32
		{9AE42EED-215A-E709-AEA7-7A590D0D98AA}.Debug|Win32.Build.0 = Debug|Win32
		{9AE42EED-215A-E709-AEA7-7A590D0D98AA}.Release|Win32.ActiveCfg = Release|Win32
		{9AE42EED-215A-E709-AEA7-7A590D0D98AA}.Release|Win32.Build.0 = Release|Win32
		{9AE42EED-215A-E709-AEA7-7A590D0D98AA}.Template|Win32.ActiveCfg = Release|Win32
		{9AE42EED-215A-E709-AEA7-7A590D0D98AA}.Template|Win32.Build.0 = Release|Win32
		{0F476F2C-D25A-FD3A-438A-C8C3F57DD91C}.Debug|Win32.ActiveCfg = Debug|Win32
		{0F476F2C-D25A-FD3A-438A-C8C3F57DD91C}.Debug|Win32.Build.0 = Debug|Win32
		{0F476F2C-D25A-FD3A-438A-C8C3F57DD91C}.Release|Win32.ActiveCfg = Release|Win32
		{0F476F2C-D25A-FD3A-438A-C8C3F57DD91C}.Release|Win32.Build.0 = Release|Win32
		{0F476F2C-D25A-FD3A-438A-C8C3F57DD91C}.Template|Win32.ActiveCfg = Template|Win32
		{0F476F2C-D25A-FD3A-438A-C8C3F57DD91C}.Template|Win32.Build.0 = Template|Win32
		{76F9CBC1-21DE-69CB-D0B1-2B576FED05E0}.Debug|Win32.ActiveCfg = Debug|Win32
		{76F9CBC1-21DE-69CB-D0B1-2B576FED05E0}.Debug|Win32.Build.0 = Debug|Win32
		{76F9CBC1-21DE-69CB-D0B1-2B576FED05E0}.Release|Win32.ActiveCfg = Release|Win32
		{76F9CBC1-21DE-69CB-D0B1-2B576FED05E0}.Release|Win32.Build.0 = Release|Win32
		{76F9CBC1-21DE-69CB-D0B1-2B576FED05E0}.Template|Win32.ActiveCfg = Template|Win32
		{76F9CBC1-21DE-69CB-D0B1-2B576FED05E0}.Template|Win32.Build.0 = Template|Win32
		{9090D6B1-8A2D-361A-647C-E58030A660A2}.Debug|Win32.ActiveCfg = Debug|Win32
		{9090D6B1-8A2D-361A-647C-E58030A660A2}.Debug|Win32.Build.0 = Debug|Win32
		{9090D6B1-8A2D-361A-647C-E58030A660A2}.Release|Win32.ActiveCfg = Release|Win32
		{9090D6B1-8A2D-361A-647C-E58030A660A2}.Release|Win32.Build.0 = Release|Win32
		{9090D6B1-8A2D-361A-647C-E58030A660A2}.Template|Win32.ActiveCfg = Template|Win32
		{9090D6B1-8A2D-361A-647C-E58030A660A2}.Template|Win32.Build.0 = Template|Win32
		{A2426212-A984-90B0-CE0D-9230958C30A9}.Debug|Win32.ActiveCfg = Debug|Win32
		{A2426212-A984-90B0-CE0D-9230958C30A9}.Debug|Win32.Build.0 = Debug|Win32
		{A2426212-A984-90B0-CE0D-9230958C30A9}.Release|Win32.ActiveCfg = Release|Win32
		{A2426212-A984-90B0-CE0D-9230958C30A9}.Release|Win32.Build.0 = Release|Win32
		{A2426212-A984-90B0-CE0D-9230958C30A9}.Template|Win32.ActiveCfg = Template|Win32
		{A2426212-A984-90B0-CE0D-9230958C30A9}.Template|Win32.Build.0 = Template|Win32
		{9A42BE11-F864-2BB0-211A-BCABA9E65732}.Debug|Win32.ActiveCfg = Debug|Win32
		{9A42BE11-F864-2BB0-211A-BCABA9E65732}.Debug|Win32.Build.0 = Debug|Win32
		{9A42BE11-F864-2BB0-211A-BCABA9E65732}.Release|Win32.ActiveCfg = Release|Win32
		{9A42BE11-F864-2BB0-211A-BCABA9E65732}.Release|Win32.Build.0 = Release|Win32
		{9A42BE11-F864-2BB0-211A-BCABA9E65732}.Template|Win32.ActiveCfg = Template|Win32
		{9A42BE11-F864-2BB0-211A-BCABA9E65732}.Template|Win32.Build.0 = Template|Win32
		{0FABAF94-5519-CF65-D615-CE0185B5FE81}.Debug|Win32.ActiveCfg = Debug|Win32
		{0FABAF94-5519-CF65-D615-CE0185B5FE81}.Debug|Win32.Build.0 = Debug|Win32
		{0FABAF94-5519-CF65-D615-CE0185B5FE81}.Release|Win32.ActiveCfg = Release|Win32
		{0FABAF94-5519-CF65-D615-CE0185B5FE81}.Release|Win32.Build.0 = Release|Win32
		{0FABAF94-5519-CF65-D615-CE0185B5FE81}.Template|Win32.ActiveCfg = Template|Win32
		{0FABAF94-5519-CF65-D615-CE0185B5FE81}.Template|Win32.Build.0 = Template|Win32
		{617ECE92-4E66-F3DD-C18B-39513747F8AC}.Debug|Win32.ActiveCfg = Debug|Win32
		{617ECE92-4E66-F3DD-C18B-39513747F8AC}.Debug|Win32.Build.0 = Debug|Win32
		{617ECE92-4E66-F3DD-C18B-39513747F8AC}.Release|Win32.ActiveCfg = Release|Win32
		{617ECE92-4E66-F3DD-C18B-39513747F8AC}.Release|Win32.Build.0 = Release|Win32
		{617ECE92-4E66-F3DD-C18B-39513747F8AC}.Template|Win32.ActiveCfg = Template|Win32
		{617ECE92-4E66-F3DD-C18B-39513747F8AC}.Template|Win32.Build.0 = Template|Win32
		{D341445E-E886-F484-B547-41A6A1BE1C25}.Debug|Win32.ActiveCfg = Debug|Win32
		{D341445E-E886-F484-B547-41A6A1BE1C25}.Debug|Win32.Build.0 = Debug|Win32
		{D341445E-E886-F484-B547-41A6A1BE1C25}.Release|Win32.ActiveCfg = Release|Win32
		{D341445E-E886-F484-B547-41A6A1BE1C25}.Release|Win32.Build.0 = Release|Win32
		{D341445E-E886-F484-B547-41A6A1BE1C25}.Template|Win32.ActiveCfg = Template|Win32
		{D341445E-E886-F484-B547-41A6A1BE1C25}.Template|Win32.Build.0 = Template|Win32
		{5BCEA1F7-8880-D3AA-39C4-217A2647D6C4}.Debug|Win32.ActiveCfg = Debug|Win32
		{5BCEA1F7-8880-D3AA-39C4-217A2647D6C4}.Debug|Win32.Build.0 = Debug|Win32
		{5BCEA1F7-8880-D3AA-39C4-217A2647D6C4}.Release|Win32.ActiveCfg = Release|Win32
		{5BCEA1F7-8880-D3AA-39C4-217A2647D6C4}.Release|Win32.Build.0 = Release|Win32
		{5BCEA1F7-8880-D3AA-39C4-217A2647D6C4}.Template|Win32.ActiveCfg = Release|Win32
		{5BCEA1F7-8880-D3AA-39C4-217A2647D6C4}.Template|Win32.Build.0 = Release|Win32
		{8BAE0CAF-CB90-50E4-A8D6-3667C97757F4}.Debug|Win32.ActiveCfg = Debug|Win32
		{8BAE0CAF-CB90-50E4-A8D6-3667C97757F4}.Debug|Win32.Build.0 = Debug|Win32
		{8BAE0CAF-CB90-50E4-A8D6-3667C97757F4}.Release|Win32.ActiveCfg = Release|Win32
		{8BAE0CAF-CB90-50E4-A8D6-3667C97757F4}.Release|Win32.Build.0 = Release|Win32
		{8BAE0CAF-CB90-50E4-A8D6-3667C97757F4}.Template|Win32.ActiveCfg = Template|Win32
		{8BAE0CAF-CB90-50E4-A8D6-3667C97757F4}.Template|Win32.Build.0 = Template|Win32
		{C9CD593F-0321-7AFB-9DCC-A5EB07D2AE03}.Debug|Win32.ActiveCfg = Debug|Win32
		{C9CD593F-0321-7AFB-9DCC-A5EB07D2AE03}.Debug|Win32.Build.0 = Debug|Win32
		{C9CD593F-0321-7AFB-9DCC-A5EB07D2AE03}.Release|Win32.ActiveCfg = Release|Win32
		{C9CD593F-0321-7AFB-9DCC-A5EB07D2AE03}.Release|Win32.Build.0 = Release|Win32
		{C9CD593F-0321-7AFB-9DCC-A5EB07D2AE03}.Template|Win32.ActiveCfg = Release|Win32
		{C9CD593F-0321-7AFB-9DCC-A5EB07D2AE03}.Template|Win32.Build.0 = Release|Win32
		{86925440-6361-79A1-EA9E-1E838CBC0219}.Debug|Win32.ActiveCfg = Debug|Win32
		{86925440-6361-79A1-EA9E-1E838CBC0219}.Debug|Win32.Build.0 = Debug|Win32
		{86925440-6361-79A1-EA9E-1E838CBC0219}.Release|Win32.ActiveCfg = Release|Win32
		{86925440-6361-79A1-EA9E-1E838CBC0219}.Release|Win32.Build.0 = Release|Win32
		{86925440-6361-79A1-EA9E-1E838CBC0219}.Template|Win32.ActiveCfg = Release|Win32
		{86925440-6361-79A1-EA9E-1E838CBC0219}.Template|Win32.Build.0 = Release|Win32
		{7BFDA583-8FA3-E222-D76D-B876B2C3B2F8}.Debug|Win32.ActiveCfg = Debug|Win32
		{7BFDA583-8FA3-E222-D76D-B876B2C3B2F8}.Debug|Win32.Build.0 = Debug|Win32
		{7BFDA583-8FA3-E222-D76D-B876B2C3B2F8}.Release|Win32.ActiveCfg = Release|Win32
		{7BFDA583-8FA3-E222-D76D-B876B2C3B2F8}.Release|Win32.Build.0 = Release|Win32
		{7BFDA583-8FA3-E222-D76D-B876B2C3B2F8}.Template|Win32.ActiveCfg = Template|Win32
		{7BFDA583-8FA3-E222-D76D-B876B2C3B2F8}.Template|Win32.Build.0 = Template|Win32
		{4CBB2C0D-7294-5DB4-812E-AE27A993BA1C}.Debug|Win32.ActiveCfg = Debug|Win32
		{4CBB2C0D-7294-5DB4-812E-AE27A993BA1C}.Debug|Win32.Build.0 = Debug|Win32
		{4CBB2C0D-7294-5DB4-812E-AE27A993BA1C}.Release|Win32.ActiveCfg = Debug|Win32
		{4CBB2C0D-7294-5DB4-812E-AE27A993BA1C}.Release|Win32.Build.0 = Debug|Win32
		{4CBB2C0D-7294-5DB4-812E-AE27A993BA1C}.Template|Win32.ActiveCfg = Template|Win32
		{4CBB2C0D-7294-5DB4-812E-AE27A993BA1C}.Template|Win32.Build.0 = Template|Win32
		{3706442B-F30B-8D2E-E3ED-EFA7E374E7B3}.Debug|Win32.ActiveCfg = Debug|Win32
		{3706442B-F30B-8D2E-E3ED-EFA7E374E7B3}.Debug|Win32.Build.0 = Debug|Win32
		{3706442B-F30B-8D2E-E3ED-EFA7E374E7B3}.Release|Win32.ActiveCfg = Release|Win32
		{3706442B-F30B-8D2E-E3ED-EFA7E374E7B3}.Release|Win32.Build.0 = Release|Win32
		{3706442B-F30B-8D2E-E3ED-EFA7E374E7B3}.Template|Win32.ActiveCfg = Template|Win32
		{3706442B-F30B-8D2E-E3ED-EFA7E374E7B3}.Template|Win32.Build.0 = Template|Win32
		{376855DD-B98E-A3E7-2B3F-BF9499A79EDD}.Debug|Win32.ActiveCfg = Debug|Win32
		{376855DD-B98E-A3E7-2B3F-BF9499A79EDD}.Debug|Win32.Build.0 = Debug|Win32
		{376855DD-B98E-A3E7-2B3F-BF9499A79EDD}.Release|Win32.ActiveCfg = Release|Win32
		{376855DD-B98E-A3E7-2B3F-BF9499A79EDD}.Release|Win32.Build.0 = Release|Win32
		{376855DD-B98E-A3E7-2B3F-BF9499A79EDD}.Template|Win32.ActiveCfg = Template|Win32
		{376855DD-B98E-A3E7-2B3F-BF9499A79EDD}.Template|Win32.Build.0 = Template|Win32
		{ADED5CC7-3E8D-D1B0-1124-1EE2B0BB091F}.Debug|Win32.ActiveCfg = Debug|Win32
		{ADED5CC7-3E8D-D1B0-1124-1EE2B0BB091F}.Debug|Win32.Build.0 = Debug|Win32
		{ADED5CC7-3E8D-D1B0-1124-1EE2B0BB091F}.Release|Win32.ActiveCfg = Release|Win32
		{ADED5CC7-3E8D-D1B0-1124-1EE2B0BB091F}.Release|Win32.Build.0 = Release|Win32
		{ADED5CC7-3E8D-D1B0-1124-1EE2B0BB091F}.Template|Win32.ActiveCfg = Template|Win32
		{ADED5CC7-3E8D-D1B0-1124-1EE2B0BB091F}.Template|Win32.Build.0 = Template|Win32
		{2309CD92-DB65-A2E2-47C7-61A120E55916}.Debug|Win32.ActiveCfg = Debug|Win32
		{2309CD92-DB65-A2E2-47C7-61A120E55916}.Debug|Win32.Build.0 = Debug|Win32
		{2309CD92-DB65-A2E2-47C7-61A120E55916}.Release|Win32.ActiveCfg = Release|Win32
		{2309CD92-DB65-A2E2-47C7-61A120E55916}.Release|Win32.Build.0 = Release|Win32
		{2309CD92-DB65-A2E2-47C7-61A120E55916}.Template|Win32.ActiveCfg = Template|Win32
		{2309CD92-DB65-A2E2-47C7-61A120E55916}.Template|Win32.Build.0 = Template|Win32
		{F887111C-11C0-7337-0E6D-697AB549C488}.Debug|Win32.ActiveCfg = Debug|Win32
		{F887111C-11C0-7337-0E6D-697AB549C488}.Debug|Win32.Build.0 = Debug|Win32
		{F887111C-11C0-7337-0E6D-697AB549C488}.Release|Win32.ActiveCfg = Release|Win32
		{F887111C-11C0-7337-0E6D-697AB549C488}.Release|Win32.Build.0 = Release|Win32
		{F887111C-11C0-7337-0E6D-697AB549C488}.Template|Win32.ActiveCfg = Template|Win32
		{F887111C-11C0-7337-0E6D-697AB549C488}.Template|Win32.Build.0 = Template|Win32
		{60BBE129-7A21-0AE6-6B69-9DB9FD5DC9D3}.Debug|Win32.ActiveCfg = Debug|Win32
		{60BBE129-7A21-0AE6-6B69-9DB9FD5DC9D3}.Debug|Win32.Build.0 = Debug|Win32
		{60BBE129-7A21-0AE6-6B69-9DB9FD5DC9D3}.Release|Win32.ActiveCfg = Release|Win32
		{60BBE129-7A21-0AE6-6B69-9DB9FD5DC9D3}.Release|Win32.Build.0 = Release|Win32
		{60BBE129-7A21-0AE6-6B69-9DB9FD5DC9D3}.Template|Win32.ActiveCfg = Template|Win32
		{60BBE129-7A21-0AE6-6B69-9DB9FD5DC9D3}.Template|Win32.Build.0 = Template|Win32
		{E47EBB45-BAEA-2A71-AE9E-FE4E5DC72498}.Debug|Win32.ActiveCfg = Debug|Win32
		{E47EBB45-BAEA-2A71-AE9E-FE4E5DC72498}.Debug|Win32.Build.0 = Debug|Win32
		{E47EBB45-BAEA-2A71-AE9E-FE4E5DC72498}.Release|Win32.ActiveCfg = Release|Win32
		{E47EBB45-BAEA-2A71-AE9E-FE4E5DC72498}.Release|Win32.Build.0 = Release|Win32
		{E47EBB45-BAEA-2A71-AE9E-FE4E5DC72498}.Template|Win32.ActiveCfg = Template|Win32
		{E47EBB45-BAEA-2A71-AE9E-FE4E5DC72498}.Template|Win32.Build.0 = Template|Win32
		{631AB9AB-E9A7-DEC9-364E-5FBACFB86012}.Debug|Win32.ActiveCfg = Debug|Win32
		{631AB9AB-E9A7-DEC9-364E-5FBACFB86012}.Debug|Win32.Build.0 = Debug|Win32
		{631AB9AB-E9A7-DEC9-364E-5FBACFB86012}.Release|Win32.ActiveCfg = Release|Win32
		{631AB9AB-E9A7-DEC9-364E-5FBACFB86012}.Release|Win32.Build.0 = Release|Win32
		{631AB9AB-E9A7-DEC9-364E-5FBACFB86012}.Template|Win32.ActiveCfg = Release|Win32
		{631AB9AB-E9A7-DEC9-364E-5FBACFB86012}.Template|Win32.Build.0 = Release|Win32
		{07B537E5-ABA8-4053-A97B-82A2AD8B76FE}.Debug|Win32.ActiveCfg = Debug|Win32
		{07B537E5-ABA8-4053-A97B-82A2AD8B76FE}.Debug|Win32.Build.0 = Debug|Win32
		{07B537E5-ABA8-4053-A97B-82A2AD8B76FE}.Release|Win32.ActiveCfg = Release|Win32
		{07B537E5-ABA8-4053-A97B-82A2AD8B76FE}.Release|Win32.Build.0 = Release|Win32
		{07B537E5-ABA8-4053-A97B-82A2AD8B76FE}.Template|Win32.ActiveCfg = Release|Win32
		{07B537E5-ABA8-4053-A97B-82A2AD8B76FE}.Template|Win32.Build.0 = Release|Win32
		{4E676B6B-CC6E-D4B0-38F4-F94D10E1801A}.Debug|Win32.ActiveCfg = Debug|Win32
		{4E676B6B-CC6E-D4B0-38F4-F94D10E1801A}.Debug|Win32.Build.0 = Debug|Win32
		{4E676B6B-CC6E-D4B0-38F4-F94D10E1801A}.Release|Win32.ActiveCfg = Release|Win32
		{4E676B6B-CC6E-D4B0-38F4-F94D10E1801A}.Release|Win32.Build.0 = Release|Win32
		{4E676B6B-CC6E-D4B0-38F4-F94D10E1801A}.Template|Win32.ActiveCfg = Release|Win32
		{4E676B6B-CC6E-D4B0-38F4-F94D10E1801A}.Template|Win32.Build.0 = Release|Win32
		{BE2EAF81-BCDA-8D30-DDD1-6E8D042D0B1D}.Debug|Win32.ActiveCfg = Debug|Win32
		{BE2EAF81-BCDA-8D30-DDD1-6E8D042D0B1D}.Debug|Win32.Build.0 = Debug|Win32
		{BE2EAF81-BCDA-8D30-DDD1-6E8D042D0B1D}.Release|Win32.ActiveCfg = Release|Win32
		{BE2EAF81-BCDA-8D30-DDD1-6E8D042D0B1D}.Release|Win32.Build.0 = Release|Win32
		{BE2EAF81-BCDA-8D30-DDD1-6E8D042D0B1D}.Template|Win32.ActiveCfg = Template|Win32
		{BE2EAF81-BCDA-8D30-DDD1-6E8D042D0B1D}.Template|Win32.Build.0 = Template|Win32
		{60EF8F45-B1ED-D1CA-5390-453B0299AD4A}.Debug|Win32.ActiveCfg = Debug|Win32
		{60EF8F45-B1ED-D1CA-5390-453B0299AD4A}.Debug|Win32.Build.0 = Debug|Win32
		{60EF8F45-B1ED-D1CA-5390-453B0299AD4A}.Release|Win32.ActiveCfg = Release|Win32
		{60EF8F45-B1ED-D1CA-5390-453B0299AD4A}.Release|Win32.Build.0 = Release|Win32
		{60EF8F45-B1ED-D1CA-5390-453B0299AD4A}.Template|Win32.ActiveCfg = Template|Win32
		{60EF8F45-B1ED-D1CA-5390-453B0299AD4A}.Template|Win32.Build.0 = Template|Win32
		{66228CE1-9860-06AA-6FBC-DF8B606A7E51}.Debug|Win32.ActiveCfg = Debug|Win32
		{66228CE1-9860-06AA-6FBC-DF8B606A7E51}.Debug|Win32.Build.0 = Debug|Win32
		{66228CE1-9860-06AA-6FBC-DF8B606A7E51}.Release|Win32.ActiveCfg = Release|Win32
		{66228CE1-9860-06AA-6FBC-DF8B606A7E51}.Release|Win32.Build.0 = Release|Win32
		{66228CE1-9860-06AA-6FBC-DF8B606A7E51}.Template|Win32.ActiveCfg = Template|Win32
		{66228CE1-9860-06AA-6FBC-DF8B606A7E51}.Template|Win32.Build.0 = Template|Win32
		{9E41F5C7-593E-1E60-AAEE-3DE13FC43876}.Debug|Win32.ActiveCfg = Debug|Win32
		{9E41F5C7-593E-1E60-AAEE-3DE13FC43876}.Debug|Win32.Build.0 = Debug|Win32
		{9E41F5C7-593E-1E60-AAEE-3DE13FC43876}.Release|Win32.ActiveCfg = Release|Win32
		{9E41F5C7-593E-1E60-AAEE-3DE13FC43876}.Release|Win32.Build.0 = Release|Win32
		{9E41F5C7-593E-1E60-AAEE-3DE13FC43876}.Template|Win32.ActiveCfg = Template|Win32
		{9E41F5C7-593E-1E60-AAEE-3DE13FC43876}.Template|Win32.Build.0 = Template|Win32
		{F6BB2BC7-D3C8-B75A-7BE4-CEF26C4E9322}.Debug|Win32.ActiveCfg = Debug|Win32
		{F6BB2BC7-D3C8-B75A-7BE4-CEF26C4E9322}.Debug|Win32.Build.0 = Debug|Win32
		{F6BB2BC7-D3C8-B75A-7BE4-CEF26C4E9322}.Release|Win32.ActiveCfg = Release|Win32
		{F6BB2BC7-D3C8-B75A-7BE4-CEF26C4E9322}.Release|Win32.Build.0 = Release|Win32
		{F6BB2BC7-D3C8-B75A-7BE4-CEF26C4E9322}.Template|Win32.ActiveCfg = Template|Win32
		{F6BB2BC7-D3C8-B75A-7BE4-CEF26C4E9322}.Template|Win32.Build.0 = Template|Win32
	EndGlobalSection
	GlobalSection(SolutionProperties) = preSolution
		HideSolutionNode = FALSE
	EndGlobalSection
	GlobalSection(NestedProjects) = preSolution
		{9598F263-B824-44AB-B166-7FA61DE574A4} = {055C5E1A-D8C2-451C-BAB4-6D7D9E27C813}
		{4DF3D1FC-39EB-1C0C-B6F8-0ED93E2FD3E2} = {055C5E1A-D8C2-451C-BAB4-6D7D9E27C813}
		{DD817C9C-6890-E7A3-A646-97CD2989133E} = {055C5E1A-D8C2-451C-BAB4-6D7D9E27C813}
		{396E3024-7579-85FA-191A-6E6EEA97556C} = {055C5E1A-D8C2-451C-BAB4-6D7D9E27C813}
		{594EF03D-BBB4-686D-146A-FC2D90BB547B} = {055C5E1A-D8C2-451C-BAB4-6D7D9E27C813}
		{6FFF9570-FF72-417A-97F9-129E2D54B5F0} = {055C5E1A-D8C2-451C-BAB4-6D7D9E27C813}
		{21BB346F-B209-7E9A-E9B1-9503124CB7FA} = {055C5E1A-D8C2-451C-BAB4-6D7D9E27C813}
		{28D880E2-1CFF-4383-9921-4CB61A1F660F} = {055C5E1A-D8C2-451C-BAB4-6D7D9E27C813}
		{6796142F-4AD3-491E-AC03-A53952903F0B} = {055C5E1A-D8C2-451C-BAB4-6D7D9E27C813}
		{9AE42EED-215A-E709-AEA7-7A590D0D98AA} = {055C5E1A-D8C2-451C-BAB4-6D7D9E27C813}
		{F691EDA3-809C-4698-B538-F3090CC54765} = {055C5E1A-D8C2-451C-BAB4-6D7D9E27C813}
		{C9CD593F-0321-7AFB-9DCC-A5EB07D2AE03} = {055C5E1A-D8C2-451C-BAB4-6D7D9E27C813}
		{2B94CFDF-FC30-83DA-BB59-02631BC3FADE} = {9598F263-B824-44AB-B166-7FA61DE574A4}
		{B5A6D7FF-97D9-40F8-BD66-25B19169DDEF} = {9598F263-B824-44AB-B166-7FA61DE574A4}
		{E5BBAABB-1584-AF06-9079-B2B1A3D16687} = {9598F263-B824-44AB-B166-7FA61DE574A4}
		{36B54392-1B80-3459-9F95-6F23FEEBB415} = {9598F263-B824-44AB-B166-7FA61DE574A4}
		{435397A9-2B48-3F33-296F-A1AB64D39A20} = {9598F263-B824-44AB-B166-7FA61DE574A4}
		{86ED28C4-55E3-77CE-FF40-EA468302878C} = {9598F263-B824-44AB-B166-7FA61DE574A4}
		{8E1CB521-9F4C-9DDE-F3DE-09896A7BE264} = {9598F263-B824-44AB-B166-7FA61DE574A4}
		{EFC15B14-631B-A74E-036A-F9DA1FAE7206} = {9598F263-B824-44AB-B166-7FA61DE574A4}
		{E9F10EE9-4C48-1318-9805-8611EAB993E1} = {9598F263-B824-44AB-B166-7FA61DE574A4}
		{02015535-A161-70C0-2A13-18ED4BE654CE} = {9598F263-B824-44AB-B166-7FA61DE574A4}
		{D031EF9D-54FF-86B7-62AE-94D71C225A90} = {9598F263-B824-44AB-B166-7FA61DE574A4}
		{723914EE-4C2B-929A-95BC-77A90EC584A6} = {9598F263-B824-44AB-B166-7FA61DE574A4}
		{643DDA11-C581-9A56-4D02-95E1F6451B2E} = {9598F263-B824-44AB-B166-7FA61DE574A4}
		{C0C8C2AE-6E3A-9055-2F78-8800E9084933} = {9598F263-B824-44AB-B166-7FA61DE574A4}
		{F1134BB3-A921-6DA4-A222-BCFD828DED37} = {9598F263-B824-44AB-B166-7FA61DE574A4}
		{E111A095-261F-5674-6F8C-22A4E6A64595} = {9598F263-B824-44AB-B166-7FA61DE574A4}
		{CEF22835-458C-9A8B-04D8-77F1A2FB7909} = {B5A6D7FF-97D9-40F8-BD66-25B19169DDEF}
		{6A9BC407-C403-56E6-9DE1-400612E2B867} = {B5A6D7FF-97D9-40F8-BD66-25B19169DDEF}
		{E501B13D-ECE4-E747-022B-93844FEC0B51} = {B5A6D7FF-97D9-40F8-BD66-25B19169DDEF}
		{7B2B3252-295D-8829-DB7E-9EC8BFFFCE7C} = {B5A6D7FF-97D9-40F8-BD66-25B19169DDEF}
		{D3E087C1-0682-1AC1-E94F-B8A0CEFF51BC} = {B5A6D7FF-97D9-40F8-BD66-25B19169DDEF}
		{BEE035A4-31F4-90A8-A9B9-ADA157420E56} = {B5A6D7FF-97D9-40F8-BD66-25B19169DDEF}
		{97CB3553-26E8-D38A-A7BA-3213DA743696} = {B5A6D7FF-97D9-40F8-BD66-25B19169DDEF}
		{FF21A4C1-02B0-0A0E-392A-DA2EC043A449} = {B5A6D7FF-97D9-40F8-BD66-25B19169DDEF}
		{56CF4C26-1ED6-B001-2C88-D3B873B85EDB} = {B5A6D7FF-97D9-40F8-BD66-25B19169DDEF}
		{C7660E75-CBFB-F4E3-F6D0-CC6C5A47946F} = {B5A6D7FF-97D9-40F8-BD66-25B19169DDEF}
		{5E14D848-1877-0039-924D-32D61822E4F1} = {B5A6D7FF-97D9-40F8-BD66-25B19169DDEF}
		{39135441-0A83-64C5-CDB5-1983C408B613} = {6FFF9570-FF72-417A-97F9-129E2D54B5F0}
		{793A2784-E27D-6FA6-EB5F-370C428CEB09} = {6FFF9570-FF72-417A-97F9-129E2D54B5F0}
		{71670153-D321-14AF-7021-6108BE646F24} = {6FFF9570-FF72-417A-97F9-129E2D54B5F0}
		{A3152FAE-ABBC-930C-EF8A-31949C54EE01} = {28D880E2-1CFF-4383-9921-4CB61A1F660F}
		{5507687C-B9A6-1919-23C3-9F5C6780CCA0} = {28D880E2-1CFF-4383-9921-4CB61A1F660F}
		{50D22775-A0DC-F9BC-7188-2036C8F0B726} = {28D880E2-1CFF-4383-9921-4CB61A1F660F}
		{1652E2EE-5279-A9B6-022D-06080ED87F45} = {28D880E2-1CFF-4383-9921-4CB61A1F660F}
		{865C9ED1-18A0-FEF6-429F-B164ACB6CB5F} = {28D880E2-1CFF-4383-9921-4CB61A1F660F}
		{60BCD466-1C8C-96C1-61D6-B56CF01F2E4D} = {28D880E2-1CFF-4383-9921-4CB61A1F660F}
		{833B84E1-C728-2B8D-B955-56CE1C93775D} = {28D880E2-1CFF-4383-9921-4CB61A1F660F}
		{30A37F70-C377-D5D6-0603-C1055B3FF899} = {28D880E2-1CFF-4383-9921-4CB61A1F660F}
		{B3D88FF3-87B8-BBEA-4EDE-C89E6739F5F7} = {28D880E2-1CFF-4383-9921-4CB61A1F660F}
		{C6CC5496-25F0-BD1E-3395-4DD0444DF5F2} = {28D880E2-1CFF-4383-9921-4CB61A1F660F}
		{89CB3BBD-F413-8C24-9AEA-28D1B9CED62A} = {28D880E2-1CFF-4383-9921-4CB61A1F660F}
		{DC99BB82-D46E-1BE2-03E2-C335FB507F59} = {28D880E2-1CFF-4383-9921-4CB61A1F660F}
		{612F4C50-386E-F6E0-8E60-D22472B5B2BD} = {28D880E2-1CFF-4383-9921-4CB61A1F660F}
		{253D12A5-25D8-FF44-4FD5-D9846F8DF5AE} = {28D880E2-1CFF-4383-9921-4CB61A1F660F}
		{CA4A58E8-916E-21A6-008E-FE41ED926DE7} = {28D880E2-1CFF-4383-9921-4CB61A1F660F}
		{DA35731C-FA3B-39F1-2F5B-EDA72C143ABF} = {28D880E2-1CFF-4383-9921-4CB61A1F660F}
		{BB8D11D8-ACAD-858B-0903-A9D790B0B416} = {28D880E2-1CFF-4383-9921-4CB61A1F660F}
		{D402C599-DDDC-0560-A938-E062DF060A4C} = {28D880E2-1CFF-4383-9921-4CB61A1F660F}
		{5ADCA5D5-0C6F-0C1A-6A3D-AFA8E68CB9C1} = {28D880E2-1CFF-4383-9921-4CB61A1F660F}
		{5DA0256C-CE09-E06F-10F0-14939DB0A84A} = {28D880E2-1CFF-4383-9921-4CB61A1F660F}
		{46F87922-DA96-0359-161B-AEE56EB5804F} = {28D880E2-1CFF-4383-9921-4CB61A1F660F}
		{82428917-BD77-A141-417E-4AA2BE3B4A1F} = {6796142F-4AD3-491E-AC03-A53952903F0B}
		{A4379DD4-DF30-474A-9B17-4508F885B3B6} = {6796142F-4AD3-491E-AC03-A53952903F0B}
		{B562E0D1-2DD8-9DB0-6E48-FE100C32383D} = {6796142F-4AD3-491E-AC03-A53952903F0B}
		{28D35E23-32AF-42CB-8FAB-9F7473E7270E} = {F1FC333B-981E-4694-A5C5-FAAEA90927E5}
		{86925440-6361-79A1-EA9E-1E838CBC0219} = {F1FC333B-981E-4694-A5C5-FAAEA90927E5}
		{7BFDA583-8FA3-E222-D76D-B876B2C3B2F8} = {F1FC333B-981E-4694-A5C5-FAAEA90927E5}
		{4CBB2C0D-7294-5DB4-812E-AE27A993BA1C} = {F1FC333B-981E-4694-A5C5-FAAEA90927E5}
		{ACC2543A-24AB-423B-9972-E001B240163C} = {F1FC333B-981E-4694-A5C5-FAAEA90927E5}
		{3706442B-F30B-8D2E-E3ED-EFA7E374E7B3} = {F1FC333B-981E-4694-A5C5-FAAEA90927E5}
		{376855DD-B98E-A3E7-2B3F-BF9499A79EDD} = {F1FC333B-981E-4694-A5C5-FAAEA90927E5}
		{ADED5CC7-3E8D-D1B0-1124-1EE2B0BB091F} = {F1FC333B-981E-4694-A5C5-FAAEA90927E5}
		{2309CD92-DB65-A2E2-47C7-61A120E55916} = {F1FC333B-981E-4694-A5C5-FAAEA90927E5}
		{10E89B79-3ED0-4A88-92DF-869FD09CEE3E} = {F1FC333B-981E-4694-A5C5-FAAEA90927E5}
		{E47EBB45-BAEA-2A71-AE9E-FE4E5DC72498} = {F1FC333B-981E-4694-A5C5-FAAEA90927E5}
		{631AB9AB-E9A7-DEC9-364E-5FBACFB86012} = {F1FC333B-981E-4694-A5C5-FAAEA90927E5}
		{B3B59E8D-592E-4621-927B-2D7BECC44F19} = {28D35E23-32AF-42CB-8FAB-9F7473E7270E}
		{B719359C-8566-4CE4-B325-B8D207C0849D} = {28D35E23-32AF-42CB-8FAB-9F7473E7270E}
		{F1A0D6E5-9ACD-4D26-9148-B409EDC14DE3} = {28D35E23-32AF-42CB-8FAB-9F7473E7270E}
		{6BB2AE3C-22AA-47E0-9507-CC114C6BEF62} = {F691EDA3-809C-4698-B538-F3090CC54765}
		{D341445E-E886-F484-B547-41A6A1BE1C25} = {B3B59E8D-592E-4621-927B-2D7BECC44F19}
		{A2426212-A984-90B0-CE0D-9230958C30A9} = {B3B59E8D-592E-4621-927B-2D7BECC44F19}
		{0F476F2C-D25A-FD3A-438A-C8C3F57DD91C} = {B719359C-8566-4CE4-B325-B8D207C0849D}
		{9A42BE11-F864-2BB0-211A-BCABA9E65732} = {B719359C-8566-4CE4-B325-B8D207C0849D}
		{0FABAF94-5519-CF65-D615-CE0185B5FE81} = {F1A0D6E5-9ACD-4D26-9148-B409EDC14DE3}
		{76F9CBC1-21DE-69CB-D0B1-2B576FED05E0} = {F1A0D6E5-9ACD-4D26-9148-B409EDC14DE3}
		{617ECE92-4E66-F3DD-C18B-39513747F8AC} = {6BB2AE3C-22AA-47E0-9507-CC114C6BEF62}
		{9090D6B1-8A2D-361A-647C-E58030A660A2} = {6BB2AE3C-22AA-47E0-9507-CC114C6BEF62}
		{8BAE0CAF-CB90-50E4-A8D6-3667C97757F4} = {A4379DD4-DF30-474A-9B17-4508F885B3B6}
		{5BCEA1F7-8880-D3AA-39C4-217A2647D6C4} = {A4379DD4-DF30-474A-9B17-4508F885B3B6}
		{07B537E5-ABA8-4053-A97B-82A2AD8B76FE} = {ACC2543A-24AB-423B-9972-E001B240163C}
		{4E676B6B-CC6E-D4B0-38F4-F94D10E1801A} = {ACC2543A-24AB-423B-9972-E001B240163C}
		{BE2EAF81-BCDA-8D30-DDD1-6E8D042D0B1D} = {ACC2543A-24AB-423B-9972-E001B240163C}
		{60EF8F45-B1ED-D1CA-5390-453B0299AD4A} = {ACC2543A-24AB-423B-9972-E001B240163C}
		{66228CE1-9860-06AA-6FBC-DF8B606A7E51} = {ACC2543A-24AB-423B-9972-E001B240163C}
		{9E41F5C7-593E-1E60-AAEE-3DE13FC43876} = {ACC2543A-24AB-423B-9972-E001B240163C}
		{F6BB2BC7-D3C8-B75A-7BE4-CEF26C4E9322} = {ACC2543A-24AB-423B-9972-E001B240163C}
		{60BBE129-7A21-0AE6-6B69-9DB9FD5DC9D3} = {10E89B79-3ED0-4A88-92DF-869FD09CEE3E}
		{F887111C-11C0-7337-0E6D-697AB549C488} = {10E89B79-3ED0-4A88-92DF-869FD09CEE3E}
	EndGlobalSection
EndGlobal
